
Microsoft Visual Studio Solution File, Format Version 12.00
# Visual Studio 14
VisualStudioVersion = 14.0.25420.1
MinimumVisualStudioVersion = 10.0.40219.1
Project("{8BB2217D-0F2D-49D1-97BC-3654ED321F3B}") = "SkiResort.Infrastructure", "src\SkiResort.Infrastructure\SkiResort.Infrastructure.xproj", "{ED1C0B2B-7A9F-4DBF-937F-F3CCC2CF7362}"
EndProject
Project("{2150E333-8FDC-42A3-9474-1A3956D46DE8}") = "src", "src", "{33E81539-C975-4E8A-85D0-490EE2FBB00A}"
EndProject
Project("{2150E333-8FDC-42A3-9474-1A3956D46DE8}") = "Solution Items", "Solution Items", "{E429821A-7CAA-4593-87D0-44A6502C675D}"
	ProjectSection(SolutionItems) = preProject
		global.json = global.json
		demo\RentalDemandExperiments.r = demo\RentalDemandExperiments.r
	EndProjectSection
EndProject
Project("{8BB2217D-0F2D-49D1-97BC-3654ED321F3B}") = "SkiResort.API", "src\SkiResort.API\SkiResort.API.xproj", "{CA13FBEA-3268-45DB-B62E-D09FF2E8BDA7}"
EndProject
Project("{8BB2217D-0F2D-49D1-97BC-3654ED321F3B}") = "SkiResort.Web", "src\SkiResort.Web\SkiResort.Web.xproj", "{F02E09D7-D893-4EA9-BB05-42C7EF2D4B22}"
EndProject
Project("{2150E333-8FDC-42A3-9474-1A3956D46DE8}") = "deployment", "deployment", "{FD38F902-22C0-4911-B14C-DF372E0597EE}"
EndProject
Project("{151D2E53-A2C4-4D7D-83FE-D05416EBD58E}") = "SkiResort.Deploy", "deploy\SkiResort.Deploy.deployproj", "{77A49A0C-C993-49A1-BECC-FCC0207D3D6D}"
EndProject
Project("{2150E333-8FDC-42A3-9474-1A3956D46DE8}") = "demo", "demo", "{78802279-E957-4D6E-9831-783E9CE7B704}"
	ProjectSection(SolutionItems) = preProject
		demo\RentalDemandExperiments.r = demo\RentalDemandExperiments.r
		demo\SkiApp.pbix = demo\SkiApp.pbix
	EndProjectSection
EndProject
Project("{262852C6-CD72-467D-83FE-5EEB1973A190}") = "SkiResort.Mobile", "src\SkiResort.Mobile\SkiResort.Mobile.jsproj", "{C4A17398-FD28-49B3-AD34-926E0E86E1B2}"
EndProject
Project("{FAE04EC0-301F-11D3-BF4B-00C04F79EFBC}") = "SkiResort.XamarinApp", "src\SkiResort.XamarinApp\SkiResort.XamarinApp\SkiResort.XamarinApp.csproj", "{897321DF-3640-4C7A-B0D6-BE49C3FF4065}"
EndProject
Project("{FAE04EC0-301F-11D3-BF4B-00C04F79EFBC}") = "SkiResort.XamarinApp.Droid", "src\SkiResort.XamarinApp\SkiResort.XamarinApp.Droid\SkiResort.XamarinApp.Droid.csproj", "{125E4531-D997-4106-8515-C7A344982DB7}"
EndProject
Project("{FAE04EC0-301F-11D3-BF4B-00C04F79EFBC}") = "SkiResort.XamarinApp.iOS", "src\SkiResort.XamarinApp\SkiResort.XamarinApp.iOS\SkiResort.XamarinApp.iOS.csproj", "{B94526D9-D888-4AC3-B0B1-42BEFCFFB3D0}"
EndProject
Project("{FAE04EC0-301F-11D3-BF4B-00C04F79EFBC}") = "SkiResort.XamarinApp.UWP", "src\SkiResort.XamarinApp\SkiResort.XamarinApp.UWP\SkiResort.XamarinApp.UWP.csproj", "{22E70F9A-CCE4-48AB-BAA9-067CA6FEA4C4}"
EndProject
Global
	GlobalSection(SolutionConfigurationPlatforms) = preSolution
		Ad-Hoc|Android = Ad-Hoc|Android
		Ad-Hoc|Any CPU = Ad-Hoc|Any CPU
		Ad-Hoc|ARM = Ad-Hoc|ARM
		Ad-Hoc|iOS = Ad-Hoc|iOS
		Ad-Hoc|iPhone = Ad-Hoc|iPhone
		Ad-Hoc|iPhoneSimulator = Ad-Hoc|iPhoneSimulator
		Ad-Hoc|Windows Phone (Universal) = Ad-Hoc|Windows Phone (Universal)
		Ad-Hoc|Windows Phone 8 = Ad-Hoc|Windows Phone 8
		Ad-Hoc|Windows-AnyCPU = Ad-Hoc|Windows-AnyCPU
		Ad-Hoc|Windows-ARM = Ad-Hoc|Windows-ARM
		Ad-Hoc|Windows-x64 = Ad-Hoc|Windows-x64
		Ad-Hoc|Windows-x86 = Ad-Hoc|Windows-x86
		Ad-Hoc|x64 = Ad-Hoc|x64
		Ad-Hoc|x86 = Ad-Hoc|x86
		AppStore|Android = AppStore|Android
		AppStore|Any CPU = AppStore|Any CPU
		AppStore|ARM = AppStore|ARM
		AppStore|iOS = AppStore|iOS
		AppStore|iPhone = AppStore|iPhone
		AppStore|iPhoneSimulator = AppStore|iPhoneSimulator
		AppStore|Windows Phone (Universal) = AppStore|Windows Phone (Universal)
		AppStore|Windows Phone 8 = AppStore|Windows Phone 8
		AppStore|Windows-AnyCPU = AppStore|Windows-AnyCPU
		AppStore|Windows-ARM = AppStore|Windows-ARM
		AppStore|Windows-x64 = AppStore|Windows-x64
		AppStore|Windows-x86 = AppStore|Windows-x86
		AppStore|x64 = AppStore|x64
		AppStore|x86 = AppStore|x86
		Debug|Android = Debug|Android
		Debug|Any CPU = Debug|Any CPU
		Debug|ARM = Debug|ARM
		Debug|iOS = Debug|iOS
		Debug|iPhone = Debug|iPhone
		Debug|iPhoneSimulator = Debug|iPhoneSimulator
		Debug|Windows Phone (Universal) = Debug|Windows Phone (Universal)
		Debug|Windows Phone 8 = Debug|Windows Phone 8
		Debug|Windows-AnyCPU = Debug|Windows-AnyCPU
		Debug|Windows-ARM = Debug|Windows-ARM
		Debug|Windows-x64 = Debug|Windows-x64
		Debug|Windows-x86 = Debug|Windows-x86
		Debug|x64 = Debug|x64
		Debug|x86 = Debug|x86
		Release|Android = Release|Android
		Release|Any CPU = Release|Any CPU
		Release|ARM = Release|ARM
		Release|iOS = Release|iOS
		Release|iPhone = Release|iPhone
		Release|iPhoneSimulator = Release|iPhoneSimulator
		Release|Windows Phone (Universal) = Release|Windows Phone (Universal)
		Release|Windows Phone 8 = Release|Windows Phone 8
		Release|Windows-AnyCPU = Release|Windows-AnyCPU
		Release|Windows-ARM = Release|Windows-ARM
		Release|Windows-x64 = Release|Windows-x64
		Release|Windows-x86 = Release|Windows-x86
		Release|x64 = Release|x64
		Release|x86 = Release|x86
	EndGlobalSection
	GlobalSection(ProjectConfigurationPlatforms) = postSolution
		{ED1C0B2B-7A9F-4DBF-937F-F3CCC2CF7362}.Ad-Hoc|Android.ActiveCfg = Release|Any CPU
		{ED1C0B2B-7A9F-4DBF-937F-F3CCC2CF7362}.Ad-Hoc|Android.Build.0 = Release|Any CPU
		{ED1C0B2B-7A9F-4DBF-937F-F3CCC2CF7362}.Ad-Hoc|Any CPU.ActiveCfg = Release|Any CPU
		{ED1C0B2B-7A9F-4DBF-937F-F3CCC2CF7362}.Ad-Hoc|Any CPU.Build.0 = Release|Any CPU
		{ED1C0B2B-7A9F-4DBF-937F-F3CCC2CF7362}.Ad-Hoc|ARM.ActiveCfg = Release|Any CPU
		{ED1C0B2B-7A9F-4DBF-937F-F3CCC2CF7362}.Ad-Hoc|ARM.Build.0 = Release|Any CPU
		{ED1C0B2B-7A9F-4DBF-937F-F3CCC2CF7362}.Ad-Hoc|iOS.ActiveCfg = Release|Any CPU
		{ED1C0B2B-7A9F-4DBF-937F-F3CCC2CF7362}.Ad-Hoc|iOS.Build.0 = Release|Any CPU
		{ED1C0B2B-7A9F-4DBF-937F-F3CCC2CF7362}.Ad-Hoc|iPhone.ActiveCfg = Release|Any CPU
		{ED1C0B2B-7A9F-4DBF-937F-F3CCC2CF7362}.Ad-Hoc|iPhone.Build.0 = Release|Any CPU
		{ED1C0B2B-7A9F-4DBF-937F-F3CCC2CF7362}.Ad-Hoc|iPhoneSimulator.ActiveCfg = Release|Any CPU
		{ED1C0B2B-7A9F-4DBF-937F-F3CCC2CF7362}.Ad-Hoc|iPhoneSimulator.Build.0 = Release|Any CPU
		{ED1C0B2B-7A9F-4DBF-937F-F3CCC2CF7362}.Ad-Hoc|Windows Phone (Universal).ActiveCfg = Release|Any CPU
		{ED1C0B2B-7A9F-4DBF-937F-F3CCC2CF7362}.Ad-Hoc|Windows Phone (Universal).Build.0 = Release|Any CPU
		{ED1C0B2B-7A9F-4DBF-937F-F3CCC2CF7362}.Ad-Hoc|Windows Phone 8.ActiveCfg = Release|Any CPU
		{ED1C0B2B-7A9F-4DBF-937F-F3CCC2CF7362}.Ad-Hoc|Windows Phone 8.Build.0 = Release|Any CPU
		{ED1C0B2B-7A9F-4DBF-937F-F3CCC2CF7362}.Ad-Hoc|Windows-AnyCPU.ActiveCfg = Release|Any CPU
		{ED1C0B2B-7A9F-4DBF-937F-F3CCC2CF7362}.Ad-Hoc|Windows-AnyCPU.Build.0 = Release|Any CPU
		{ED1C0B2B-7A9F-4DBF-937F-F3CCC2CF7362}.Ad-Hoc|Windows-ARM.ActiveCfg = Release|Any CPU
		{ED1C0B2B-7A9F-4DBF-937F-F3CCC2CF7362}.Ad-Hoc|Windows-ARM.Build.0 = Release|Any CPU
		{ED1C0B2B-7A9F-4DBF-937F-F3CCC2CF7362}.Ad-Hoc|Windows-x64.ActiveCfg = Release|Any CPU
		{ED1C0B2B-7A9F-4DBF-937F-F3CCC2CF7362}.Ad-Hoc|Windows-x64.Build.0 = Release|Any CPU
		{ED1C0B2B-7A9F-4DBF-937F-F3CCC2CF7362}.Ad-Hoc|Windows-x86.ActiveCfg = Release|Any CPU
		{ED1C0B2B-7A9F-4DBF-937F-F3CCC2CF7362}.Ad-Hoc|Windows-x86.Build.0 = Release|Any CPU
		{ED1C0B2B-7A9F-4DBF-937F-F3CCC2CF7362}.Ad-Hoc|x64.ActiveCfg = Release|Any CPU
		{ED1C0B2B-7A9F-4DBF-937F-F3CCC2CF7362}.Ad-Hoc|x64.Build.0 = Release|Any CPU
		{ED1C0B2B-7A9F-4DBF-937F-F3CCC2CF7362}.Ad-Hoc|x86.ActiveCfg = Release|Any CPU
		{ED1C0B2B-7A9F-4DBF-937F-F3CCC2CF7362}.Ad-Hoc|x86.Build.0 = Release|Any CPU
		{ED1C0B2B-7A9F-4DBF-937F-F3CCC2CF7362}.AppStore|Android.ActiveCfg = Release|Any CPU
		{ED1C0B2B-7A9F-4DBF-937F-F3CCC2CF7362}.AppStore|Android.Build.0 = Release|Any CPU
		{ED1C0B2B-7A9F-4DBF-937F-F3CCC2CF7362}.AppStore|Any CPU.ActiveCfg = Release|Any CPU
		{ED1C0B2B-7A9F-4DBF-937F-F3CCC2CF7362}.AppStore|Any CPU.Build.0 = Release|Any CPU
		{ED1C0B2B-7A9F-4DBF-937F-F3CCC2CF7362}.AppStore|ARM.ActiveCfg = Release|Any CPU
		{ED1C0B2B-7A9F-4DBF-937F-F3CCC2CF7362}.AppStore|ARM.Build.0 = Release|Any CPU
		{ED1C0B2B-7A9F-4DBF-937F-F3CCC2CF7362}.AppStore|iOS.ActiveCfg = Release|Any CPU
		{ED1C0B2B-7A9F-4DBF-937F-F3CCC2CF7362}.AppStore|iOS.Build.0 = Release|Any CPU
		{ED1C0B2B-7A9F-4DBF-937F-F3CCC2CF7362}.AppStore|iPhone.ActiveCfg = Release|Any CPU
		{ED1C0B2B-7A9F-4DBF-937F-F3CCC2CF7362}.AppStore|iPhone.Build.0 = Release|Any CPU
		{ED1C0B2B-7A9F-4DBF-937F-F3CCC2CF7362}.AppStore|iPhoneSimulator.ActiveCfg = Release|Any CPU
		{ED1C0B2B-7A9F-4DBF-937F-F3CCC2CF7362}.AppStore|iPhoneSimulator.Build.0 = Release|Any CPU
		{ED1C0B2B-7A9F-4DBF-937F-F3CCC2CF7362}.AppStore|Windows Phone (Universal).ActiveCfg = Release|Any CPU
		{ED1C0B2B-7A9F-4DBF-937F-F3CCC2CF7362}.AppStore|Windows Phone (Universal).Build.0 = Release|Any CPU
		{ED1C0B2B-7A9F-4DBF-937F-F3CCC2CF7362}.AppStore|Windows Phone 8.ActiveCfg = Release|Any CPU
		{ED1C0B2B-7A9F-4DBF-937F-F3CCC2CF7362}.AppStore|Windows Phone 8.Build.0 = Release|Any CPU
		{ED1C0B2B-7A9F-4DBF-937F-F3CCC2CF7362}.AppStore|Windows-AnyCPU.ActiveCfg = Release|Any CPU
		{ED1C0B2B-7A9F-4DBF-937F-F3CCC2CF7362}.AppStore|Windows-AnyCPU.Build.0 = Release|Any CPU
		{ED1C0B2B-7A9F-4DBF-937F-F3CCC2CF7362}.AppStore|Windows-ARM.ActiveCfg = Release|Any CPU
		{ED1C0B2B-7A9F-4DBF-937F-F3CCC2CF7362}.AppStore|Windows-ARM.Build.0 = Release|Any CPU
		{ED1C0B2B-7A9F-4DBF-937F-F3CCC2CF7362}.AppStore|Windows-x64.ActiveCfg = Release|Any CPU
		{ED1C0B2B-7A9F-4DBF-937F-F3CCC2CF7362}.AppStore|Windows-x64.Build.0 = Release|Any CPU
		{ED1C0B2B-7A9F-4DBF-937F-F3CCC2CF7362}.AppStore|Windows-x86.ActiveCfg = Release|Any CPU
		{ED1C0B2B-7A9F-4DBF-937F-F3CCC2CF7362}.AppStore|Windows-x86.Build.0 = Release|Any CPU
		{ED1C0B2B-7A9F-4DBF-937F-F3CCC2CF7362}.AppStore|x64.ActiveCfg = Release|Any CPU
		{ED1C0B2B-7A9F-4DBF-937F-F3CCC2CF7362}.AppStore|x64.Build.0 = Release|Any CPU
		{ED1C0B2B-7A9F-4DBF-937F-F3CCC2CF7362}.AppStore|x86.ActiveCfg = Release|Any CPU
		{ED1C0B2B-7A9F-4DBF-937F-F3CCC2CF7362}.AppStore|x86.Build.0 = Release|Any CPU
		{ED1C0B2B-7A9F-4DBF-937F-F3CCC2CF7362}.Debug|Android.ActiveCfg = Debug|Any CPU
		{ED1C0B2B-7A9F-4DBF-937F-F3CCC2CF7362}.Debug|Android.Build.0 = Debug|Any CPU
		{ED1C0B2B-7A9F-4DBF-937F-F3CCC2CF7362}.Debug|Any CPU.ActiveCfg = Debug|Any CPU
		{ED1C0B2B-7A9F-4DBF-937F-F3CCC2CF7362}.Debug|Any CPU.Build.0 = Debug|Any CPU
		{ED1C0B2B-7A9F-4DBF-937F-F3CCC2CF7362}.Debug|ARM.ActiveCfg = Debug|Any CPU
		{ED1C0B2B-7A9F-4DBF-937F-F3CCC2CF7362}.Debug|ARM.Build.0 = Debug|Any CPU
		{ED1C0B2B-7A9F-4DBF-937F-F3CCC2CF7362}.Debug|iOS.ActiveCfg = Debug|Any CPU
		{ED1C0B2B-7A9F-4DBF-937F-F3CCC2CF7362}.Debug|iOS.Build.0 = Debug|Any CPU
		{ED1C0B2B-7A9F-4DBF-937F-F3CCC2CF7362}.Debug|iPhone.ActiveCfg = Debug|Any CPU
		{ED1C0B2B-7A9F-4DBF-937F-F3CCC2CF7362}.Debug|iPhone.Build.0 = Debug|Any CPU
		{ED1C0B2B-7A9F-4DBF-937F-F3CCC2CF7362}.Debug|iPhoneSimulator.ActiveCfg = Debug|Any CPU
		{ED1C0B2B-7A9F-4DBF-937F-F3CCC2CF7362}.Debug|iPhoneSimulator.Build.0 = Debug|Any CPU
		{ED1C0B2B-7A9F-4DBF-937F-F3CCC2CF7362}.Debug|Windows Phone (Universal).ActiveCfg = Debug|Any CPU
		{ED1C0B2B-7A9F-4DBF-937F-F3CCC2CF7362}.Debug|Windows Phone (Universal).Build.0 = Debug|Any CPU
		{ED1C0B2B-7A9F-4DBF-937F-F3CCC2CF7362}.Debug|Windows Phone 8.ActiveCfg = Debug|Any CPU
		{ED1C0B2B-7A9F-4DBF-937F-F3CCC2CF7362}.Debug|Windows Phone 8.Build.0 = Debug|Any CPU
		{ED1C0B2B-7A9F-4DBF-937F-F3CCC2CF7362}.Debug|Windows-AnyCPU.ActiveCfg = Debug|Any CPU
		{ED1C0B2B-7A9F-4DBF-937F-F3CCC2CF7362}.Debug|Windows-AnyCPU.Build.0 = Debug|Any CPU
		{ED1C0B2B-7A9F-4DBF-937F-F3CCC2CF7362}.Debug|Windows-ARM.ActiveCfg = Debug|Any CPU
		{ED1C0B2B-7A9F-4DBF-937F-F3CCC2CF7362}.Debug|Windows-ARM.Build.0 = Debug|Any CPU
		{ED1C0B2B-7A9F-4DBF-937F-F3CCC2CF7362}.Debug|Windows-x64.ActiveCfg = Debug|Any CPU
		{ED1C0B2B-7A9F-4DBF-937F-F3CCC2CF7362}.Debug|Windows-x64.Build.0 = Debug|Any CPU
		{ED1C0B2B-7A9F-4DBF-937F-F3CCC2CF7362}.Debug|Windows-x86.ActiveCfg = Debug|Any CPU
		{ED1C0B2B-7A9F-4DBF-937F-F3CCC2CF7362}.Debug|Windows-x86.Build.0 = Debug|Any CPU
		{ED1C0B2B-7A9F-4DBF-937F-F3CCC2CF7362}.Debug|x64.ActiveCfg = Debug|Any CPU
		{ED1C0B2B-7A9F-4DBF-937F-F3CCC2CF7362}.Debug|x64.Build.0 = Debug|Any CPU
		{ED1C0B2B-7A9F-4DBF-937F-F3CCC2CF7362}.Debug|x86.ActiveCfg = Debug|Any CPU
		{ED1C0B2B-7A9F-4DBF-937F-F3CCC2CF7362}.Debug|x86.Build.0 = Debug|Any CPU
		{ED1C0B2B-7A9F-4DBF-937F-F3CCC2CF7362}.Release|Android.ActiveCfg = Release|Any CPU
		{ED1C0B2B-7A9F-4DBF-937F-F3CCC2CF7362}.Release|Android.Build.0 = Release|Any CPU
		{ED1C0B2B-7A9F-4DBF-937F-F3CCC2CF7362}.Release|Any CPU.ActiveCfg = Release|Any CPU
		{ED1C0B2B-7A9F-4DBF-937F-F3CCC2CF7362}.Release|Any CPU.Build.0 = Release|Any CPU
		{ED1C0B2B-7A9F-4DBF-937F-F3CCC2CF7362}.Release|ARM.ActiveCfg = Release|Any CPU
		{ED1C0B2B-7A9F-4DBF-937F-F3CCC2CF7362}.Release|ARM.Build.0 = Release|Any CPU
		{ED1C0B2B-7A9F-4DBF-937F-F3CCC2CF7362}.Release|iOS.ActiveCfg = Release|Any CPU
		{ED1C0B2B-7A9F-4DBF-937F-F3CCC2CF7362}.Release|iOS.Build.0 = Release|Any CPU
		{ED1C0B2B-7A9F-4DBF-937F-F3CCC2CF7362}.Release|iPhone.ActiveCfg = Release|Any CPU
		{ED1C0B2B-7A9F-4DBF-937F-F3CCC2CF7362}.Release|iPhone.Build.0 = Release|Any CPU
		{ED1C0B2B-7A9F-4DBF-937F-F3CCC2CF7362}.Release|iPhoneSimulator.ActiveCfg = Release|Any CPU
		{ED1C0B2B-7A9F-4DBF-937F-F3CCC2CF7362}.Release|iPhoneSimulator.Build.0 = Release|Any CPU
		{ED1C0B2B-7A9F-4DBF-937F-F3CCC2CF7362}.Release|Windows Phone (Universal).ActiveCfg = Release|Any CPU
		{ED1C0B2B-7A9F-4DBF-937F-F3CCC2CF7362}.Release|Windows Phone (Universal).Build.0 = Release|Any CPU
		{ED1C0B2B-7A9F-4DBF-937F-F3CCC2CF7362}.Release|Windows Phone 8.ActiveCfg = Release|Any CPU
		{ED1C0B2B-7A9F-4DBF-937F-F3CCC2CF7362}.Release|Windows Phone 8.Build.0 = Release|Any CPU
		{ED1C0B2B-7A9F-4DBF-937F-F3CCC2CF7362}.Release|Windows-AnyCPU.ActiveCfg = Release|Any CPU
		{ED1C0B2B-7A9F-4DBF-937F-F3CCC2CF7362}.Release|Windows-AnyCPU.Build.0 = Release|Any CPU
		{ED1C0B2B-7A9F-4DBF-937F-F3CCC2CF7362}.Release|Windows-ARM.ActiveCfg = Release|Any CPU
		{ED1C0B2B-7A9F-4DBF-937F-F3CCC2CF7362}.Release|Windows-ARM.Build.0 = Release|Any CPU
		{ED1C0B2B-7A9F-4DBF-937F-F3CCC2CF7362}.Release|Windows-x64.ActiveCfg = Release|Any CPU
		{ED1C0B2B-7A9F-4DBF-937F-F3CCC2CF7362}.Release|Windows-x64.Build.0 = Release|Any CPU
		{ED1C0B2B-7A9F-4DBF-937F-F3CCC2CF7362}.Release|Windows-x86.ActiveCfg = Release|Any CPU
		{ED1C0B2B-7A9F-4DBF-937F-F3CCC2CF7362}.Release|Windows-x86.Build.0 = Release|Any CPU
		{ED1C0B2B-7A9F-4DBF-937F-F3CCC2CF7362}.Release|x64.ActiveCfg = Release|Any CPU
		{ED1C0B2B-7A9F-4DBF-937F-F3CCC2CF7362}.Release|x64.Build.0 = Release|Any CPU
		{ED1C0B2B-7A9F-4DBF-937F-F3CCC2CF7362}.Release|x86.ActiveCfg = Release|Any CPU
		{ED1C0B2B-7A9F-4DBF-937F-F3CCC2CF7362}.Release|x86.Build.0 = Release|Any CPU
		{CA13FBEA-3268-45DB-B62E-D09FF2E8BDA7}.Ad-Hoc|Android.ActiveCfg = Release|Any CPU
		{CA13FBEA-3268-45DB-B62E-D09FF2E8BDA7}.Ad-Hoc|Android.Build.0 = Release|Any CPU
		{CA13FBEA-3268-45DB-B62E-D09FF2E8BDA7}.Ad-Hoc|Any CPU.ActiveCfg = Release|Any CPU
		{CA13FBEA-3268-45DB-B62E-D09FF2E8BDA7}.Ad-Hoc|Any CPU.Build.0 = Release|Any CPU
		{CA13FBEA-3268-45DB-B62E-D09FF2E8BDA7}.Ad-Hoc|ARM.ActiveCfg = Release|Any CPU
		{CA13FBEA-3268-45DB-B62E-D09FF2E8BDA7}.Ad-Hoc|ARM.Build.0 = Release|Any CPU
		{CA13FBEA-3268-45DB-B62E-D09FF2E8BDA7}.Ad-Hoc|iOS.ActiveCfg = Release|Any CPU
		{CA13FBEA-3268-45DB-B62E-D09FF2E8BDA7}.Ad-Hoc|iOS.Build.0 = Release|Any CPU
		{CA13FBEA-3268-45DB-B62E-D09FF2E8BDA7}.Ad-Hoc|iPhone.ActiveCfg = Release|Any CPU
		{CA13FBEA-3268-45DB-B62E-D09FF2E8BDA7}.Ad-Hoc|iPhone.Build.0 = Release|Any CPU
		{CA13FBEA-3268-45DB-B62E-D09FF2E8BDA7}.Ad-Hoc|iPhoneSimulator.ActiveCfg = Release|Any CPU
		{CA13FBEA-3268-45DB-B62E-D09FF2E8BDA7}.Ad-Hoc|iPhoneSimulator.Build.0 = Release|Any CPU
		{CA13FBEA-3268-45DB-B62E-D09FF2E8BDA7}.Ad-Hoc|Windows Phone (Universal).ActiveCfg = Release|Any CPU
		{CA13FBEA-3268-45DB-B62E-D09FF2E8BDA7}.Ad-Hoc|Windows Phone (Universal).Build.0 = Release|Any CPU
		{CA13FBEA-3268-45DB-B62E-D09FF2E8BDA7}.Ad-Hoc|Windows Phone 8.ActiveCfg = Release|Any CPU
		{CA13FBEA-3268-45DB-B62E-D09FF2E8BDA7}.Ad-Hoc|Windows Phone 8.Build.0 = Release|Any CPU
		{CA13FBEA-3268-45DB-B62E-D09FF2E8BDA7}.Ad-Hoc|Windows-AnyCPU.ActiveCfg = Release|Any CPU
		{CA13FBEA-3268-45DB-B62E-D09FF2E8BDA7}.Ad-Hoc|Windows-AnyCPU.Build.0 = Release|Any CPU
		{CA13FBEA-3268-45DB-B62E-D09FF2E8BDA7}.Ad-Hoc|Windows-ARM.ActiveCfg = Release|Any CPU
		{CA13FBEA-3268-45DB-B62E-D09FF2E8BDA7}.Ad-Hoc|Windows-ARM.Build.0 = Release|Any CPU
		{CA13FBEA-3268-45DB-B62E-D09FF2E8BDA7}.Ad-Hoc|Windows-x64.ActiveCfg = Release|Any CPU
		{CA13FBEA-3268-45DB-B62E-D09FF2E8BDA7}.Ad-Hoc|Windows-x64.Build.0 = Release|Any CPU
		{CA13FBEA-3268-45DB-B62E-D09FF2E8BDA7}.Ad-Hoc|Windows-x86.ActiveCfg = Release|Any CPU
		{CA13FBEA-3268-45DB-B62E-D09FF2E8BDA7}.Ad-Hoc|Windows-x86.Build.0 = Release|Any CPU
		{CA13FBEA-3268-45DB-B62E-D09FF2E8BDA7}.Ad-Hoc|x64.ActiveCfg = Release|Any CPU
		{CA13FBEA-3268-45DB-B62E-D09FF2E8BDA7}.Ad-Hoc|x64.Build.0 = Release|Any CPU
		{CA13FBEA-3268-45DB-B62E-D09FF2E8BDA7}.Ad-Hoc|x86.ActiveCfg = Release|Any CPU
		{CA13FBEA-3268-45DB-B62E-D09FF2E8BDA7}.Ad-Hoc|x86.Build.0 = Release|Any CPU
		{CA13FBEA-3268-45DB-B62E-D09FF2E8BDA7}.AppStore|Android.ActiveCfg = Release|Any CPU
		{CA13FBEA-3268-45DB-B62E-D09FF2E8BDA7}.AppStore|Android.Build.0 = Release|Any CPU
		{CA13FBEA-3268-45DB-B62E-D09FF2E8BDA7}.AppStore|Any CPU.ActiveCfg = Release|Any CPU
		{CA13FBEA-3268-45DB-B62E-D09FF2E8BDA7}.AppStore|Any CPU.Build.0 = Release|Any CPU
		{CA13FBEA-3268-45DB-B62E-D09FF2E8BDA7}.AppStore|ARM.ActiveCfg = Release|Any CPU
		{CA13FBEA-3268-45DB-B62E-D09FF2E8BDA7}.AppStore|ARM.Build.0 = Release|Any CPU
		{CA13FBEA-3268-45DB-B62E-D09FF2E8BDA7}.AppStore|iOS.ActiveCfg = Release|Any CPU
		{CA13FBEA-3268-45DB-B62E-D09FF2E8BDA7}.AppStore|iOS.Build.0 = Release|Any CPU
		{CA13FBEA-3268-45DB-B62E-D09FF2E8BDA7}.AppStore|iPhone.ActiveCfg = Release|Any CPU
		{CA13FBEA-3268-45DB-B62E-D09FF2E8BDA7}.AppStore|iPhone.Build.0 = Release|Any CPU
		{CA13FBEA-3268-45DB-B62E-D09FF2E8BDA7}.AppStore|iPhoneSimulator.ActiveCfg = Release|Any CPU
		{CA13FBEA-3268-45DB-B62E-D09FF2E8BDA7}.AppStore|iPhoneSimulator.Build.0 = Release|Any CPU
		{CA13FBEA-3268-45DB-B62E-D09FF2E8BDA7}.AppStore|Windows Phone (Universal).ActiveCfg = Release|Any CPU
		{CA13FBEA-3268-45DB-B62E-D09FF2E8BDA7}.AppStore|Windows Phone (Universal).Build.0 = Release|Any CPU
		{CA13FBEA-3268-45DB-B62E-D09FF2E8BDA7}.AppStore|Windows Phone 8.ActiveCfg = Release|Any CPU
		{CA13FBEA-3268-45DB-B62E-D09FF2E8BDA7}.AppStore|Windows Phone 8.Build.0 = Release|Any CPU
		{CA13FBEA-3268-45DB-B62E-D09FF2E8BDA7}.AppStore|Windows-AnyCPU.ActiveCfg = Release|Any CPU
		{CA13FBEA-3268-45DB-B62E-D09FF2E8BDA7}.AppStore|Windows-AnyCPU.Build.0 = Release|Any CPU
		{CA13FBEA-3268-45DB-B62E-D09FF2E8BDA7}.AppStore|Windows-ARM.ActiveCfg = Release|Any CPU
		{CA13FBEA-3268-45DB-B62E-D09FF2E8BDA7}.AppStore|Windows-ARM.Build.0 = Release|Any CPU
		{CA13FBEA-3268-45DB-B62E-D09FF2E8BDA7}.AppStore|Windows-x64.ActiveCfg = Release|Any CPU
		{CA13FBEA-3268-45DB-B62E-D09FF2E8BDA7}.AppStore|Windows-x64.Build.0 = Release|Any CPU
		{CA13FBEA-3268-45DB-B62E-D09FF2E8BDA7}.AppStore|Windows-x86.ActiveCfg = Release|Any CPU
		{CA13FBEA-3268-45DB-B62E-D09FF2E8BDA7}.AppStore|Windows-x86.Build.0 = Release|Any CPU
		{CA13FBEA-3268-45DB-B62E-D09FF2E8BDA7}.AppStore|x64.ActiveCfg = Release|Any CPU
		{CA13FBEA-3268-45DB-B62E-D09FF2E8BDA7}.AppStore|x64.Build.0 = Release|Any CPU
		{CA13FBEA-3268-45DB-B62E-D09FF2E8BDA7}.AppStore|x86.ActiveCfg = Release|Any CPU
		{CA13FBEA-3268-45DB-B62E-D09FF2E8BDA7}.AppStore|x86.Build.0 = Release|Any CPU
		{CA13FBEA-3268-45DB-B62E-D09FF2E8BDA7}.Debug|Android.ActiveCfg = Debug|Any CPU
		{CA13FBEA-3268-45DB-B62E-D09FF2E8BDA7}.Debug|Android.Build.0 = Debug|Any CPU
		{CA13FBEA-3268-45DB-B62E-D09FF2E8BDA7}.Debug|Any CPU.ActiveCfg = Debug|Any CPU
		{CA13FBEA-3268-45DB-B62E-D09FF2E8BDA7}.Debug|Any CPU.Build.0 = Debug|Any CPU
		{CA13FBEA-3268-45DB-B62E-D09FF2E8BDA7}.Debug|ARM.ActiveCfg = Debug|Any CPU
		{CA13FBEA-3268-45DB-B62E-D09FF2E8BDA7}.Debug|ARM.Build.0 = Debug|Any CPU
		{CA13FBEA-3268-45DB-B62E-D09FF2E8BDA7}.Debug|iOS.ActiveCfg = Debug|Any CPU
		{CA13FBEA-3268-45DB-B62E-D09FF2E8BDA7}.Debug|iOS.Build.0 = Debug|Any CPU
		{CA13FBEA-3268-45DB-B62E-D09FF2E8BDA7}.Debug|iPhone.ActiveCfg = Debug|Any CPU
		{CA13FBEA-3268-45DB-B62E-D09FF2E8BDA7}.Debug|iPhone.Build.0 = Debug|Any CPU
		{CA13FBEA-3268-45DB-B62E-D09FF2E8BDA7}.Debug|iPhoneSimulator.ActiveCfg = Debug|Any CPU
		{CA13FBEA-3268-45DB-B62E-D09FF2E8BDA7}.Debug|iPhoneSimulator.Build.0 = Debug|Any CPU
		{CA13FBEA-3268-45DB-B62E-D09FF2E8BDA7}.Debug|Windows Phone (Universal).ActiveCfg = Debug|Any CPU
		{CA13FBEA-3268-45DB-B62E-D09FF2E8BDA7}.Debug|Windows Phone (Universal).Build.0 = Debug|Any CPU
		{CA13FBEA-3268-45DB-B62E-D09FF2E8BDA7}.Debug|Windows Phone 8.ActiveCfg = Debug|Any CPU
		{CA13FBEA-3268-45DB-B62E-D09FF2E8BDA7}.Debug|Windows Phone 8.Build.0 = Debug|Any CPU
		{CA13FBEA-3268-45DB-B62E-D09FF2E8BDA7}.Debug|Windows-AnyCPU.ActiveCfg = Debug|Any CPU
		{CA13FBEA-3268-45DB-B62E-D09FF2E8BDA7}.Debug|Windows-AnyCPU.Build.0 = Debug|Any CPU
		{CA13FBEA-3268-45DB-B62E-D09FF2E8BDA7}.Debug|Windows-ARM.ActiveCfg = Debug|Any CPU
		{CA13FBEA-3268-45DB-B62E-D09FF2E8BDA7}.Debug|Windows-ARM.Build.0 = Debug|Any CPU
		{CA13FBEA-3268-45DB-B62E-D09FF2E8BDA7}.Debug|Windows-x64.ActiveCfg = Debug|Any CPU
		{CA13FBEA-3268-45DB-B62E-D09FF2E8BDA7}.Debug|Windows-x64.Build.0 = Debug|Any CPU
		{CA13FBEA-3268-45DB-B62E-D09FF2E8BDA7}.Debug|Windows-x86.ActiveCfg = Debug|Any CPU
		{CA13FBEA-3268-45DB-B62E-D09FF2E8BDA7}.Debug|Windows-x86.Build.0 = Debug|Any CPU
		{CA13FBEA-3268-45DB-B62E-D09FF2E8BDA7}.Debug|x64.ActiveCfg = Debug|Any CPU
		{CA13FBEA-3268-45DB-B62E-D09FF2E8BDA7}.Debug|x64.Build.0 = Debug|Any CPU
		{CA13FBEA-3268-45DB-B62E-D09FF2E8BDA7}.Debug|x86.ActiveCfg = Debug|Any CPU
		{CA13FBEA-3268-45DB-B62E-D09FF2E8BDA7}.Debug|x86.Build.0 = Debug|Any CPU
		{CA13FBEA-3268-45DB-B62E-D09FF2E8BDA7}.Release|Android.ActiveCfg = Release|Any CPU
		{CA13FBEA-3268-45DB-B62E-D09FF2E8BDA7}.Release|Android.Build.0 = Release|Any CPU
		{CA13FBEA-3268-45DB-B62E-D09FF2E8BDA7}.Release|Any CPU.ActiveCfg = Release|Any CPU
		{CA13FBEA-3268-45DB-B62E-D09FF2E8BDA7}.Release|Any CPU.Build.0 = Release|Any CPU
		{CA13FBEA-3268-45DB-B62E-D09FF2E8BDA7}.Release|ARM.ActiveCfg = Release|Any CPU
		{CA13FBEA-3268-45DB-B62E-D09FF2E8BDA7}.Release|ARM.Build.0 = Release|Any CPU
		{CA13FBEA-3268-45DB-B62E-D09FF2E8BDA7}.Release|iOS.ActiveCfg = Release|Any CPU
		{CA13FBEA-3268-45DB-B62E-D09FF2E8BDA7}.Release|iOS.Build.0 = Release|Any CPU
		{CA13FBEA-3268-45DB-B62E-D09FF2E8BDA7}.Release|iPhone.ActiveCfg = Release|Any CPU
		{CA13FBEA-3268-45DB-B62E-D09FF2E8BDA7}.Release|iPhone.Build.0 = Release|Any CPU
		{CA13FBEA-3268-45DB-B62E-D09FF2E8BDA7}.Release|iPhoneSimulator.ActiveCfg = Release|Any CPU
		{CA13FBEA-3268-45DB-B62E-D09FF2E8BDA7}.Release|iPhoneSimulator.Build.0 = Release|Any CPU
		{CA13FBEA-3268-45DB-B62E-D09FF2E8BDA7}.Release|Windows Phone (Universal).ActiveCfg = Release|Any CPU
		{CA13FBEA-3268-45DB-B62E-D09FF2E8BDA7}.Release|Windows Phone (Universal).Build.0 = Release|Any CPU
		{CA13FBEA-3268-45DB-B62E-D09FF2E8BDA7}.Release|Windows Phone 8.ActiveCfg = Release|Any CPU
		{CA13FBEA-3268-45DB-B62E-D09FF2E8BDA7}.Release|Windows Phone 8.Build.0 = Release|Any CPU
		{CA13FBEA-3268-45DB-B62E-D09FF2E8BDA7}.Release|Windows-AnyCPU.ActiveCfg = Release|Any CPU
		{CA13FBEA-3268-45DB-B62E-D09FF2E8BDA7}.Release|Windows-AnyCPU.Build.0 = Release|Any CPU
		{CA13FBEA-3268-45DB-B62E-D09FF2E8BDA7}.Release|Windows-ARM.ActiveCfg = Release|Any CPU
		{CA13FBEA-3268-45DB-B62E-D09FF2E8BDA7}.Release|Windows-ARM.Build.0 = Release|Any CPU
		{CA13FBEA-3268-45DB-B62E-D09FF2E8BDA7}.Release|Windows-x64.ActiveCfg = Release|Any CPU
		{CA13FBEA-3268-45DB-B62E-D09FF2E8BDA7}.Release|Windows-x64.Build.0 = Release|Any CPU
		{CA13FBEA-3268-45DB-B62E-D09FF2E8BDA7}.Release|Windows-x86.ActiveCfg = Release|Any CPU
		{CA13FBEA-3268-45DB-B62E-D09FF2E8BDA7}.Release|Windows-x86.Build.0 = Release|Any CPU
		{CA13FBEA-3268-45DB-B62E-D09FF2E8BDA7}.Release|x64.ActiveCfg = Release|Any CPU
		{CA13FBEA-3268-45DB-B62E-D09FF2E8BDA7}.Release|x64.Build.0 = Release|Any CPU
		{CA13FBEA-3268-45DB-B62E-D09FF2E8BDA7}.Release|x86.ActiveCfg = Release|Any CPU
		{CA13FBEA-3268-45DB-B62E-D09FF2E8BDA7}.Release|x86.Build.0 = Release|Any CPU
		{F02E09D7-D893-4EA9-BB05-42C7EF2D4B22}.Ad-Hoc|Android.ActiveCfg = Release|Any CPU
		{F02E09D7-D893-4EA9-BB05-42C7EF2D4B22}.Ad-Hoc|Android.Build.0 = Release|Any CPU
		{F02E09D7-D893-4EA9-BB05-42C7EF2D4B22}.Ad-Hoc|Any CPU.ActiveCfg = Release|Any CPU
		{F02E09D7-D893-4EA9-BB05-42C7EF2D4B22}.Ad-Hoc|Any CPU.Build.0 = Release|Any CPU
		{F02E09D7-D893-4EA9-BB05-42C7EF2D4B22}.Ad-Hoc|ARM.ActiveCfg = Release|Any CPU
		{F02E09D7-D893-4EA9-BB05-42C7EF2D4B22}.Ad-Hoc|ARM.Build.0 = Release|Any CPU
		{F02E09D7-D893-4EA9-BB05-42C7EF2D4B22}.Ad-Hoc|iOS.ActiveCfg = Release|Any CPU
		{F02E09D7-D893-4EA9-BB05-42C7EF2D4B22}.Ad-Hoc|iOS.Build.0 = Release|Any CPU
		{F02E09D7-D893-4EA9-BB05-42C7EF2D4B22}.Ad-Hoc|iPhone.ActiveCfg = Release|Any CPU
		{F02E09D7-D893-4EA9-BB05-42C7EF2D4B22}.Ad-Hoc|iPhone.Build.0 = Release|Any CPU
		{F02E09D7-D893-4EA9-BB05-42C7EF2D4B22}.Ad-Hoc|iPhoneSimulator.ActiveCfg = Release|Any CPU
		{F02E09D7-D893-4EA9-BB05-42C7EF2D4B22}.Ad-Hoc|iPhoneSimulator.Build.0 = Release|Any CPU
		{F02E09D7-D893-4EA9-BB05-42C7EF2D4B22}.Ad-Hoc|Windows Phone (Universal).ActiveCfg = Release|Any CPU
		{F02E09D7-D893-4EA9-BB05-42C7EF2D4B22}.Ad-Hoc|Windows Phone (Universal).Build.0 = Release|Any CPU
		{F02E09D7-D893-4EA9-BB05-42C7EF2D4B22}.Ad-Hoc|Windows Phone 8.ActiveCfg = Release|Any CPU
		{F02E09D7-D893-4EA9-BB05-42C7EF2D4B22}.Ad-Hoc|Windows Phone 8.Build.0 = Release|Any CPU
		{F02E09D7-D893-4EA9-BB05-42C7EF2D4B22}.Ad-Hoc|Windows-AnyCPU.ActiveCfg = Release|Any CPU
		{F02E09D7-D893-4EA9-BB05-42C7EF2D4B22}.Ad-Hoc|Windows-AnyCPU.Build.0 = Release|Any CPU
		{F02E09D7-D893-4EA9-BB05-42C7EF2D4B22}.Ad-Hoc|Windows-ARM.ActiveCfg = Release|Any CPU
		{F02E09D7-D893-4EA9-BB05-42C7EF2D4B22}.Ad-Hoc|Windows-ARM.Build.0 = Release|Any CPU
		{F02E09D7-D893-4EA9-BB05-42C7EF2D4B22}.Ad-Hoc|Windows-x64.ActiveCfg = Release|Any CPU
		{F02E09D7-D893-4EA9-BB05-42C7EF2D4B22}.Ad-Hoc|Windows-x64.Build.0 = Release|Any CPU
		{F02E09D7-D893-4EA9-BB05-42C7EF2D4B22}.Ad-Hoc|Windows-x86.ActiveCfg = Release|Any CPU
		{F02E09D7-D893-4EA9-BB05-42C7EF2D4B22}.Ad-Hoc|Windows-x86.Build.0 = Release|Any CPU
		{F02E09D7-D893-4EA9-BB05-42C7EF2D4B22}.Ad-Hoc|x64.ActiveCfg = Release|Any CPU
		{F02E09D7-D893-4EA9-BB05-42C7EF2D4B22}.Ad-Hoc|x64.Build.0 = Release|Any CPU
		{F02E09D7-D893-4EA9-BB05-42C7EF2D4B22}.Ad-Hoc|x86.ActiveCfg = Release|Any CPU
		{F02E09D7-D893-4EA9-BB05-42C7EF2D4B22}.Ad-Hoc|x86.Build.0 = Release|Any CPU
		{F02E09D7-D893-4EA9-BB05-42C7EF2D4B22}.AppStore|Android.ActiveCfg = Release|Any CPU
		{F02E09D7-D893-4EA9-BB05-42C7EF2D4B22}.AppStore|Android.Build.0 = Release|Any CPU
		{F02E09D7-D893-4EA9-BB05-42C7EF2D4B22}.AppStore|Any CPU.ActiveCfg = Release|Any CPU
		{F02E09D7-D893-4EA9-BB05-42C7EF2D4B22}.AppStore|Any CPU.Build.0 = Release|Any CPU
		{F02E09D7-D893-4EA9-BB05-42C7EF2D4B22}.AppStore|ARM.ActiveCfg = Release|Any CPU
		{F02E09D7-D893-4EA9-BB05-42C7EF2D4B22}.AppStore|ARM.Build.0 = Release|Any CPU
		{F02E09D7-D893-4EA9-BB05-42C7EF2D4B22}.AppStore|iOS.ActiveCfg = Release|Any CPU
		{F02E09D7-D893-4EA9-BB05-42C7EF2D4B22}.AppStore|iOS.Build.0 = Release|Any CPU
		{F02E09D7-D893-4EA9-BB05-42C7EF2D4B22}.AppStore|iPhone.ActiveCfg = Release|Any CPU
		{F02E09D7-D893-4EA9-BB05-42C7EF2D4B22}.AppStore|iPhone.Build.0 = Release|Any CPU
		{F02E09D7-D893-4EA9-BB05-42C7EF2D4B22}.AppStore|iPhoneSimulator.ActiveCfg = Release|Any CPU
		{F02E09D7-D893-4EA9-BB05-42C7EF2D4B22}.AppStore|iPhoneSimulator.Build.0 = Release|Any CPU
		{F02E09D7-D893-4EA9-BB05-42C7EF2D4B22}.AppStore|Windows Phone (Universal).ActiveCfg = Release|Any CPU
		{F02E09D7-D893-4EA9-BB05-42C7EF2D4B22}.AppStore|Windows Phone (Universal).Build.0 = Release|Any CPU
		{F02E09D7-D893-4EA9-BB05-42C7EF2D4B22}.AppStore|Windows Phone 8.ActiveCfg = Release|Any CPU
		{F02E09D7-D893-4EA9-BB05-42C7EF2D4B22}.AppStore|Windows Phone 8.Build.0 = Release|Any CPU
		{F02E09D7-D893-4EA9-BB05-42C7EF2D4B22}.AppStore|Windows-AnyCPU.ActiveCfg = Release|Any CPU
		{F02E09D7-D893-4EA9-BB05-42C7EF2D4B22}.AppStore|Windows-AnyCPU.Build.0 = Release|Any CPU
		{F02E09D7-D893-4EA9-BB05-42C7EF2D4B22}.AppStore|Windows-ARM.ActiveCfg = Release|Any CPU
		{F02E09D7-D893-4EA9-BB05-42C7EF2D4B22}.AppStore|Windows-ARM.Build.0 = Release|Any CPU
		{F02E09D7-D893-4EA9-BB05-42C7EF2D4B22}.AppStore|Windows-x64.ActiveCfg = Release|Any CPU
		{F02E09D7-D893-4EA9-BB05-42C7EF2D4B22}.AppStore|Windows-x64.Build.0 = Release|Any CPU
		{F02E09D7-D893-4EA9-BB05-42C7EF2D4B22}.AppStore|Windows-x86.ActiveCfg = Release|Any CPU
		{F02E09D7-D893-4EA9-BB05-42C7EF2D4B22}.AppStore|Windows-x86.Build.0 = Release|Any CPU
		{F02E09D7-D893-4EA9-BB05-42C7EF2D4B22}.AppStore|x64.ActiveCfg = Release|Any CPU
		{F02E09D7-D893-4EA9-BB05-42C7EF2D4B22}.AppStore|x64.Build.0 = Release|Any CPU
		{F02E09D7-D893-4EA9-BB05-42C7EF2D4B22}.AppStore|x86.ActiveCfg = Release|Any CPU
		{F02E09D7-D893-4EA9-BB05-42C7EF2D4B22}.AppStore|x86.Build.0 = Release|Any CPU
		{F02E09D7-D893-4EA9-BB05-42C7EF2D4B22}.Debug|Android.ActiveCfg = Debug|Any CPU
		{F02E09D7-D893-4EA9-BB05-42C7EF2D4B22}.Debug|Android.Build.0 = Debug|Any CPU
		{F02E09D7-D893-4EA9-BB05-42C7EF2D4B22}.Debug|Any CPU.ActiveCfg = Debug|Any CPU
		{F02E09D7-D893-4EA9-BB05-42C7EF2D4B22}.Debug|Any CPU.Build.0 = Debug|Any CPU
		{F02E09D7-D893-4EA9-BB05-42C7EF2D4B22}.Debug|ARM.ActiveCfg = Debug|Any CPU
		{F02E09D7-D893-4EA9-BB05-42C7EF2D4B22}.Debug|ARM.Build.0 = Debug|Any CPU
		{F02E09D7-D893-4EA9-BB05-42C7EF2D4B22}.Debug|iOS.ActiveCfg = Debug|Any CPU
		{F02E09D7-D893-4EA9-BB05-42C7EF2D4B22}.Debug|iOS.Build.0 = Debug|Any CPU
		{F02E09D7-D893-4EA9-BB05-42C7EF2D4B22}.Debug|iPhone.ActiveCfg = Debug|Any CPU
		{F02E09D7-D893-4EA9-BB05-42C7EF2D4B22}.Debug|iPhone.Build.0 = Debug|Any CPU
		{F02E09D7-D893-4EA9-BB05-42C7EF2D4B22}.Debug|iPhoneSimulator.ActiveCfg = Debug|Any CPU
		{F02E09D7-D893-4EA9-BB05-42C7EF2D4B22}.Debug|iPhoneSimulator.Build.0 = Debug|Any CPU
		{F02E09D7-D893-4EA9-BB05-42C7EF2D4B22}.Debug|Windows Phone (Universal).ActiveCfg = Debug|Any CPU
		{F02E09D7-D893-4EA9-BB05-42C7EF2D4B22}.Debug|Windows Phone (Universal).Build.0 = Debug|Any CPU
		{F02E09D7-D893-4EA9-BB05-42C7EF2D4B22}.Debug|Windows Phone 8.ActiveCfg = Debug|Any CPU
		{F02E09D7-D893-4EA9-BB05-42C7EF2D4B22}.Debug|Windows Phone 8.Build.0 = Debug|Any CPU
		{F02E09D7-D893-4EA9-BB05-42C7EF2D4B22}.Debug|Windows-AnyCPU.ActiveCfg = Debug|Any CPU
		{F02E09D7-D893-4EA9-BB05-42C7EF2D4B22}.Debug|Windows-AnyCPU.Build.0 = Debug|Any CPU
		{F02E09D7-D893-4EA9-BB05-42C7EF2D4B22}.Debug|Windows-ARM.ActiveCfg = Debug|Any CPU
		{F02E09D7-D893-4EA9-BB05-42C7EF2D4B22}.Debug|Windows-ARM.Build.0 = Debug|Any CPU
		{F02E09D7-D893-4EA9-BB05-42C7EF2D4B22}.Debug|Windows-x64.ActiveCfg = Debug|Any CPU
		{F02E09D7-D893-4EA9-BB05-42C7EF2D4B22}.Debug|Windows-x64.Build.0 = Debug|Any CPU
		{F02E09D7-D893-4EA9-BB05-42C7EF2D4B22}.Debug|Windows-x86.ActiveCfg = Debug|Any CPU
		{F02E09D7-D893-4EA9-BB05-42C7EF2D4B22}.Debug|Windows-x86.Build.0 = Debug|Any CPU
		{F02E09D7-D893-4EA9-BB05-42C7EF2D4B22}.Debug|x64.ActiveCfg = Debug|Any CPU
		{F02E09D7-D893-4EA9-BB05-42C7EF2D4B22}.Debug|x64.Build.0 = Debug|Any CPU
		{F02E09D7-D893-4EA9-BB05-42C7EF2D4B22}.Debug|x86.ActiveCfg = Debug|Any CPU
		{F02E09D7-D893-4EA9-BB05-42C7EF2D4B22}.Debug|x86.Build.0 = Debug|Any CPU
		{F02E09D7-D893-4EA9-BB05-42C7EF2D4B22}.Release|Android.ActiveCfg = Release|Any CPU
		{F02E09D7-D893-4EA9-BB05-42C7EF2D4B22}.Release|Android.Build.0 = Release|Any CPU
		{F02E09D7-D893-4EA9-BB05-42C7EF2D4B22}.Release|Any CPU.ActiveCfg = Release|Any CPU
		{F02E09D7-D893-4EA9-BB05-42C7EF2D4B22}.Release|Any CPU.Build.0 = Release|Any CPU
		{F02E09D7-D893-4EA9-BB05-42C7EF2D4B22}.Release|ARM.ActiveCfg = Release|Any CPU
		{F02E09D7-D893-4EA9-BB05-42C7EF2D4B22}.Release|ARM.Build.0 = Release|Any CPU
		{F02E09D7-D893-4EA9-BB05-42C7EF2D4B22}.Release|iOS.ActiveCfg = Release|Any CPU
		{F02E09D7-D893-4EA9-BB05-42C7EF2D4B22}.Release|iOS.Build.0 = Release|Any CPU
		{F02E09D7-D893-4EA9-BB05-42C7EF2D4B22}.Release|iPhone.ActiveCfg = Release|Any CPU
		{F02E09D7-D893-4EA9-BB05-42C7EF2D4B22}.Release|iPhone.Build.0 = Release|Any CPU
		{F02E09D7-D893-4EA9-BB05-42C7EF2D4B22}.Release|iPhoneSimulator.ActiveCfg = Release|Any CPU
		{F02E09D7-D893-4EA9-BB05-42C7EF2D4B22}.Release|iPhoneSimulator.Build.0 = Release|Any CPU
		{F02E09D7-D893-4EA9-BB05-42C7EF2D4B22}.Release|Windows Phone (Universal).ActiveCfg = Release|Any CPU
		{F02E09D7-D893-4EA9-BB05-42C7EF2D4B22}.Release|Windows Phone (Universal).Build.0 = Release|Any CPU
		{F02E09D7-D893-4EA9-BB05-42C7EF2D4B22}.Release|Windows Phone 8.ActiveCfg = Release|Any CPU
		{F02E09D7-D893-4EA9-BB05-42C7EF2D4B22}.Release|Windows Phone 8.Build.0 = Release|Any CPU
		{F02E09D7-D893-4EA9-BB05-42C7EF2D4B22}.Release|Windows-AnyCPU.ActiveCfg = Release|Any CPU
		{F02E09D7-D893-4EA9-BB05-42C7EF2D4B22}.Release|Windows-AnyCPU.Build.0 = Release|Any CPU
		{F02E09D7-D893-4EA9-BB05-42C7EF2D4B22}.Release|Windows-ARM.ActiveCfg = Release|Any CPU
		{F02E09D7-D893-4EA9-BB05-42C7EF2D4B22}.Release|Windows-ARM.Build.0 = Release|Any CPU
		{F02E09D7-D893-4EA9-BB05-42C7EF2D4B22}.Release|Windows-x64.ActiveCfg = Release|Any CPU
		{F02E09D7-D893-4EA9-BB05-42C7EF2D4B22}.Release|Windows-x64.Build.0 = Release|Any CPU
		{F02E09D7-D893-4EA9-BB05-42C7EF2D4B22}.Release|Windows-x86.ActiveCfg = Release|Any CPU
		{F02E09D7-D893-4EA9-BB05-42C7EF2D4B22}.Release|Windows-x86.Build.0 = Release|Any CPU
		{F02E09D7-D893-4EA9-BB05-42C7EF2D4B22}.Release|x64.ActiveCfg = Release|Any CPU
		{F02E09D7-D893-4EA9-BB05-42C7EF2D4B22}.Release|x64.Build.0 = Release|Any CPU
		{F02E09D7-D893-4EA9-BB05-42C7EF2D4B22}.Release|x86.ActiveCfg = Release|Any CPU
		{F02E09D7-D893-4EA9-BB05-42C7EF2D4B22}.Release|x86.Build.0 = Release|Any CPU
		{77A49A0C-C993-49A1-BECC-FCC0207D3D6D}.Ad-Hoc|Android.ActiveCfg = Release|Any CPU
		{77A49A0C-C993-49A1-BECC-FCC0207D3D6D}.Ad-Hoc|Android.Build.0 = Release|Any CPU
		{77A49A0C-C993-49A1-BECC-FCC0207D3D6D}.Ad-Hoc|Any CPU.ActiveCfg = Release|Any CPU
		{77A49A0C-C993-49A1-BECC-FCC0207D3D6D}.Ad-Hoc|Any CPU.Build.0 = Release|Any CPU
		{77A49A0C-C993-49A1-BECC-FCC0207D3D6D}.Ad-Hoc|ARM.ActiveCfg = Release|Any CPU
		{77A49A0C-C993-49A1-BECC-FCC0207D3D6D}.Ad-Hoc|ARM.Build.0 = Release|Any CPU
		{77A49A0C-C993-49A1-BECC-FCC0207D3D6D}.Ad-Hoc|iOS.ActiveCfg = Release|Any CPU
		{77A49A0C-C993-49A1-BECC-FCC0207D3D6D}.Ad-Hoc|iOS.Build.0 = Release|Any CPU
		{77A49A0C-C993-49A1-BECC-FCC0207D3D6D}.Ad-Hoc|iPhone.ActiveCfg = Release|Any CPU
		{77A49A0C-C993-49A1-BECC-FCC0207D3D6D}.Ad-Hoc|iPhone.Build.0 = Release|Any CPU
		{77A49A0C-C993-49A1-BECC-FCC0207D3D6D}.Ad-Hoc|iPhoneSimulator.ActiveCfg = Release|Any CPU
		{77A49A0C-C993-49A1-BECC-FCC0207D3D6D}.Ad-Hoc|iPhoneSimulator.Build.0 = Release|Any CPU
		{77A49A0C-C993-49A1-BECC-FCC0207D3D6D}.Ad-Hoc|Windows Phone (Universal).ActiveCfg = Release|Any CPU
		{77A49A0C-C993-49A1-BECC-FCC0207D3D6D}.Ad-Hoc|Windows Phone (Universal).Build.0 = Release|Any CPU
		{77A49A0C-C993-49A1-BECC-FCC0207D3D6D}.Ad-Hoc|Windows Phone 8.ActiveCfg = Release|Any CPU
		{77A49A0C-C993-49A1-BECC-FCC0207D3D6D}.Ad-Hoc|Windows Phone 8.Build.0 = Release|Any CPU
		{77A49A0C-C993-49A1-BECC-FCC0207D3D6D}.Ad-Hoc|Windows-AnyCPU.ActiveCfg = Release|Any CPU
		{77A49A0C-C993-49A1-BECC-FCC0207D3D6D}.Ad-Hoc|Windows-AnyCPU.Build.0 = Release|Any CPU
		{77A49A0C-C993-49A1-BECC-FCC0207D3D6D}.Ad-Hoc|Windows-ARM.ActiveCfg = Release|Any CPU
		{77A49A0C-C993-49A1-BECC-FCC0207D3D6D}.Ad-Hoc|Windows-ARM.Build.0 = Release|Any CPU
		{77A49A0C-C993-49A1-BECC-FCC0207D3D6D}.Ad-Hoc|Windows-x64.ActiveCfg = Release|Any CPU
		{77A49A0C-C993-49A1-BECC-FCC0207D3D6D}.Ad-Hoc|Windows-x64.Build.0 = Release|Any CPU
		{77A49A0C-C993-49A1-BECC-FCC0207D3D6D}.Ad-Hoc|Windows-x86.ActiveCfg = Release|Any CPU
		{77A49A0C-C993-49A1-BECC-FCC0207D3D6D}.Ad-Hoc|Windows-x86.Build.0 = Release|Any CPU
		{77A49A0C-C993-49A1-BECC-FCC0207D3D6D}.Ad-Hoc|x64.ActiveCfg = Release|Any CPU
		{77A49A0C-C993-49A1-BECC-FCC0207D3D6D}.Ad-Hoc|x64.Build.0 = Release|Any CPU
		{77A49A0C-C993-49A1-BECC-FCC0207D3D6D}.Ad-Hoc|x86.ActiveCfg = Release|Any CPU
		{77A49A0C-C993-49A1-BECC-FCC0207D3D6D}.Ad-Hoc|x86.Build.0 = Release|Any CPU
		{77A49A0C-C993-49A1-BECC-FCC0207D3D6D}.AppStore|Android.ActiveCfg = Release|Any CPU
		{77A49A0C-C993-49A1-BECC-FCC0207D3D6D}.AppStore|Android.Build.0 = Release|Any CPU
		{77A49A0C-C993-49A1-BECC-FCC0207D3D6D}.AppStore|Any CPU.ActiveCfg = Release|Any CPU
		{77A49A0C-C993-49A1-BECC-FCC0207D3D6D}.AppStore|Any CPU.Build.0 = Release|Any CPU
		{77A49A0C-C993-49A1-BECC-FCC0207D3D6D}.AppStore|ARM.ActiveCfg = Release|Any CPU
		{77A49A0C-C993-49A1-BECC-FCC0207D3D6D}.AppStore|ARM.Build.0 = Release|Any CPU
		{77A49A0C-C993-49A1-BECC-FCC0207D3D6D}.AppStore|iOS.ActiveCfg = Release|Any CPU
		{77A49A0C-C993-49A1-BECC-FCC0207D3D6D}.AppStore|iOS.Build.0 = Release|Any CPU
		{77A49A0C-C993-49A1-BECC-FCC0207D3D6D}.AppStore|iPhone.ActiveCfg = Release|Any CPU
		{77A49A0C-C993-49A1-BECC-FCC0207D3D6D}.AppStore|iPhone.Build.0 = Release|Any CPU
		{77A49A0C-C993-49A1-BECC-FCC0207D3D6D}.AppStore|iPhoneSimulator.ActiveCfg = Release|Any CPU
		{77A49A0C-C993-49A1-BECC-FCC0207D3D6D}.AppStore|iPhoneSimulator.Build.0 = Release|Any CPU
		{77A49A0C-C993-49A1-BECC-FCC0207D3D6D}.AppStore|Windows Phone (Universal).ActiveCfg = Release|Any CPU
		{77A49A0C-C993-49A1-BECC-FCC0207D3D6D}.AppStore|Windows Phone (Universal).Build.0 = Release|Any CPU
		{77A49A0C-C993-49A1-BECC-FCC0207D3D6D}.AppStore|Windows Phone 8.ActiveCfg = Release|Any CPU
		{77A49A0C-C993-49A1-BECC-FCC0207D3D6D}.AppStore|Windows Phone 8.Build.0 = Release|Any CPU
		{77A49A0C-C993-49A1-BECC-FCC0207D3D6D}.AppStore|Windows-AnyCPU.ActiveCfg = Release|Any CPU
		{77A49A0C-C993-49A1-BECC-FCC0207D3D6D}.AppStore|Windows-AnyCPU.Build.0 = Release|Any CPU
		{77A49A0C-C993-49A1-BECC-FCC0207D3D6D}.AppStore|Windows-ARM.ActiveCfg = Release|Any CPU
		{77A49A0C-C993-49A1-BECC-FCC0207D3D6D}.AppStore|Windows-ARM.Build.0 = Release|Any CPU
		{77A49A0C-C993-49A1-BECC-FCC0207D3D6D}.AppStore|Windows-x64.ActiveCfg = Release|Any CPU
		{77A49A0C-C993-49A1-BECC-FCC0207D3D6D}.AppStore|Windows-x64.Build.0 = Release|Any CPU
		{77A49A0C-C993-49A1-BECC-FCC0207D3D6D}.AppStore|Windows-x86.ActiveCfg = Release|Any CPU
		{77A49A0C-C993-49A1-BECC-FCC0207D3D6D}.AppStore|Windows-x86.Build.0 = Release|Any CPU
		{77A49A0C-C993-49A1-BECC-FCC0207D3D6D}.AppStore|x64.ActiveCfg = Release|Any CPU
		{77A49A0C-C993-49A1-BECC-FCC0207D3D6D}.AppStore|x64.Build.0 = Release|Any CPU
		{77A49A0C-C993-49A1-BECC-FCC0207D3D6D}.AppStore|x86.ActiveCfg = Release|Any CPU
		{77A49A0C-C993-49A1-BECC-FCC0207D3D6D}.AppStore|x86.Build.0 = Release|Any CPU
		{77A49A0C-C993-49A1-BECC-FCC0207D3D6D}.Debug|Android.ActiveCfg = Debug|Any CPU
		{77A49A0C-C993-49A1-BECC-FCC0207D3D6D}.Debug|Android.Build.0 = Debug|Any CPU
		{77A49A0C-C993-49A1-BECC-FCC0207D3D6D}.Debug|Any CPU.ActiveCfg = Debug|Any CPU
		{77A49A0C-C993-49A1-BECC-FCC0207D3D6D}.Debug|Any CPU.Build.0 = Debug|Any CPU
		{77A49A0C-C993-49A1-BECC-FCC0207D3D6D}.Debug|ARM.ActiveCfg = Debug|Any CPU
		{77A49A0C-C993-49A1-BECC-FCC0207D3D6D}.Debug|ARM.Build.0 = Debug|Any CPU
		{77A49A0C-C993-49A1-BECC-FCC0207D3D6D}.Debug|iOS.ActiveCfg = Debug|Any CPU
		{77A49A0C-C993-49A1-BECC-FCC0207D3D6D}.Debug|iOS.Build.0 = Debug|Any CPU
		{77A49A0C-C993-49A1-BECC-FCC0207D3D6D}.Debug|iPhone.ActiveCfg = Debug|Any CPU
		{77A49A0C-C993-49A1-BECC-FCC0207D3D6D}.Debug|iPhone.Build.0 = Debug|Any CPU
		{77A49A0C-C993-49A1-BECC-FCC0207D3D6D}.Debug|iPhoneSimulator.ActiveCfg = Debug|Any CPU
		{77A49A0C-C993-49A1-BECC-FCC0207D3D6D}.Debug|iPhoneSimulator.Build.0 = Debug|Any CPU
		{77A49A0C-C993-49A1-BECC-FCC0207D3D6D}.Debug|Windows Phone (Universal).ActiveCfg = Debug|Any CPU
		{77A49A0C-C993-49A1-BECC-FCC0207D3D6D}.Debug|Windows Phone (Universal).Build.0 = Debug|Any CPU
		{77A49A0C-C993-49A1-BECC-FCC0207D3D6D}.Debug|Windows Phone 8.ActiveCfg = Debug|Any CPU
		{77A49A0C-C993-49A1-BECC-FCC0207D3D6D}.Debug|Windows Phone 8.Build.0 = Debug|Any CPU
		{77A49A0C-C993-49A1-BECC-FCC0207D3D6D}.Debug|Windows-AnyCPU.ActiveCfg = Debug|Any CPU
		{77A49A0C-C993-49A1-BECC-FCC0207D3D6D}.Debug|Windows-AnyCPU.Build.0 = Debug|Any CPU
		{77A49A0C-C993-49A1-BECC-FCC0207D3D6D}.Debug|Windows-ARM.ActiveCfg = Debug|Any CPU
		{77A49A0C-C993-49A1-BECC-FCC0207D3D6D}.Debug|Windows-ARM.Build.0 = Debug|Any CPU
		{77A49A0C-C993-49A1-BECC-FCC0207D3D6D}.Debug|Windows-x64.ActiveCfg = Debug|Any CPU
		{77A49A0C-C993-49A1-BECC-FCC0207D3D6D}.Debug|Windows-x64.Build.0 = Debug|Any CPU
		{77A49A0C-C993-49A1-BECC-FCC0207D3D6D}.Debug|Windows-x86.ActiveCfg = Debug|Any CPU
		{77A49A0C-C993-49A1-BECC-FCC0207D3D6D}.Debug|Windows-x86.Build.0 = Debug|Any CPU
		{77A49A0C-C993-49A1-BECC-FCC0207D3D6D}.Debug|x64.ActiveCfg = Debug|Any CPU
		{77A49A0C-C993-49A1-BECC-FCC0207D3D6D}.Debug|x64.Build.0 = Debug|Any CPU
		{77A49A0C-C993-49A1-BECC-FCC0207D3D6D}.Debug|x86.ActiveCfg = Debug|Any CPU
		{77A49A0C-C993-49A1-BECC-FCC0207D3D6D}.Debug|x86.Build.0 = Debug|Any CPU
		{77A49A0C-C993-49A1-BECC-FCC0207D3D6D}.Release|Android.ActiveCfg = Release|Any CPU
		{77A49A0C-C993-49A1-BECC-FCC0207D3D6D}.Release|Android.Build.0 = Release|Any CPU
		{77A49A0C-C993-49A1-BECC-FCC0207D3D6D}.Release|Any CPU.ActiveCfg = Release|Any CPU
		{77A49A0C-C993-49A1-BECC-FCC0207D3D6D}.Release|Any CPU.Build.0 = Release|Any CPU
		{77A49A0C-C993-49A1-BECC-FCC0207D3D6D}.Release|ARM.ActiveCfg = Release|Any CPU
		{77A49A0C-C993-49A1-BECC-FCC0207D3D6D}.Release|ARM.Build.0 = Release|Any CPU
		{77A49A0C-C993-49A1-BECC-FCC0207D3D6D}.Release|iOS.ActiveCfg = Release|Any CPU
		{77A49A0C-C993-49A1-BECC-FCC0207D3D6D}.Release|iOS.Build.0 = Release|Any CPU
		{77A49A0C-C993-49A1-BECC-FCC0207D3D6D}.Release|iPhone.ActiveCfg = Release|Any CPU
		{77A49A0C-C993-49A1-BECC-FCC0207D3D6D}.Release|iPhone.Build.0 = Release|Any CPU
		{77A49A0C-C993-49A1-BECC-FCC0207D3D6D}.Release|iPhoneSimulator.ActiveCfg = Release|Any CPU
		{77A49A0C-C993-49A1-BECC-FCC0207D3D6D}.Release|iPhoneSimulator.Build.0 = Release|Any CPU
		{77A49A0C-C993-49A1-BECC-FCC0207D3D6D}.Release|Windows Phone (Universal).ActiveCfg = Release|Any CPU
		{77A49A0C-C993-49A1-BECC-FCC0207D3D6D}.Release|Windows Phone (Universal).Build.0 = Release|Any CPU
		{77A49A0C-C993-49A1-BECC-FCC0207D3D6D}.Release|Windows Phone 8.ActiveCfg = Release|Any CPU
		{77A49A0C-C993-49A1-BECC-FCC0207D3D6D}.Release|Windows Phone 8.Build.0 = Release|Any CPU
		{77A49A0C-C993-49A1-BECC-FCC0207D3D6D}.Release|Windows-AnyCPU.ActiveCfg = Release|Any CPU
		{77A49A0C-C993-49A1-BECC-FCC0207D3D6D}.Release|Windows-AnyCPU.Build.0 = Release|Any CPU
		{77A49A0C-C993-49A1-BECC-FCC0207D3D6D}.Release|Windows-ARM.ActiveCfg = Release|Any CPU
		{77A49A0C-C993-49A1-BECC-FCC0207D3D6D}.Release|Windows-ARM.Build.0 = Release|Any CPU
		{77A49A0C-C993-49A1-BECC-FCC0207D3D6D}.Release|Windows-x64.ActiveCfg = Release|Any CPU
		{77A49A0C-C993-49A1-BECC-FCC0207D3D6D}.Release|Windows-x64.Build.0 = Release|Any CPU
		{77A49A0C-C993-49A1-BECC-FCC0207D3D6D}.Release|Windows-x86.ActiveCfg = Release|Any CPU
		{77A49A0C-C993-49A1-BECC-FCC0207D3D6D}.Release|Windows-x86.Build.0 = Release|Any CPU
		{77A49A0C-C993-49A1-BECC-FCC0207D3D6D}.Release|x64.ActiveCfg = Release|Any CPU
		{77A49A0C-C993-49A1-BECC-FCC0207D3D6D}.Release|x64.Build.0 = Release|Any CPU
		{77A49A0C-C993-49A1-BECC-FCC0207D3D6D}.Release|x86.ActiveCfg = Release|Any CPU
		{77A49A0C-C993-49A1-BECC-FCC0207D3D6D}.Release|x86.Build.0 = Release|Any CPU
		{C4A17398-FD28-49B3-AD34-926E0E86E1B2}.Ad-Hoc|Android.ActiveCfg = Release|Android
		{C4A17398-FD28-49B3-AD34-926E0E86E1B2}.Ad-Hoc|Android.Build.0 = Release|Android
		{C4A17398-FD28-49B3-AD34-926E0E86E1B2}.Ad-Hoc|Android.Deploy.0 = Release|Android
		{C4A17398-FD28-49B3-AD34-926E0E86E1B2}.Ad-Hoc|Any CPU.ActiveCfg = Release|Windows-x86
		{C4A17398-FD28-49B3-AD34-926E0E86E1B2}.Ad-Hoc|Any CPU.Build.0 = Release|Windows-x86
		{C4A17398-FD28-49B3-AD34-926E0E86E1B2}.Ad-Hoc|Any CPU.Deploy.0 = Release|Windows-x86
		{C4A17398-FD28-49B3-AD34-926E0E86E1B2}.Ad-Hoc|ARM.ActiveCfg = Release|Windows-x86
		{C4A17398-FD28-49B3-AD34-926E0E86E1B2}.Ad-Hoc|ARM.Build.0 = Release|Windows-x86
		{C4A17398-FD28-49B3-AD34-926E0E86E1B2}.Ad-Hoc|ARM.Deploy.0 = Release|Windows-x86
		{C4A17398-FD28-49B3-AD34-926E0E86E1B2}.Ad-Hoc|iOS.ActiveCfg = Release|iOS
		{C4A17398-FD28-49B3-AD34-926E0E86E1B2}.Ad-Hoc|iOS.Build.0 = Release|iOS
		{C4A17398-FD28-49B3-AD34-926E0E86E1B2}.Ad-Hoc|iOS.Deploy.0 = Release|iOS
		{C4A17398-FD28-49B3-AD34-926E0E86E1B2}.Ad-Hoc|iPhone.ActiveCfg = Release|Windows-x86
		{C4A17398-FD28-49B3-AD34-926E0E86E1B2}.Ad-Hoc|iPhone.Build.0 = Release|Windows-x86
		{C4A17398-FD28-49B3-AD34-926E0E86E1B2}.Ad-Hoc|iPhone.Deploy.0 = Release|Windows-x86
		{C4A17398-FD28-49B3-AD34-926E0E86E1B2}.Ad-Hoc|iPhoneSimulator.ActiveCfg = Release|Windows-x86
		{C4A17398-FD28-49B3-AD34-926E0E86E1B2}.Ad-Hoc|iPhoneSimulator.Build.0 = Release|Windows-x86
		{C4A17398-FD28-49B3-AD34-926E0E86E1B2}.Ad-Hoc|iPhoneSimulator.Deploy.0 = Release|Windows-x86
		{C4A17398-FD28-49B3-AD34-926E0E86E1B2}.Ad-Hoc|Windows Phone (Universal).ActiveCfg = Release|Windows Phone (Universal)
		{C4A17398-FD28-49B3-AD34-926E0E86E1B2}.Ad-Hoc|Windows Phone (Universal).Build.0 = Release|Windows Phone (Universal)
		{C4A17398-FD28-49B3-AD34-926E0E86E1B2}.Ad-Hoc|Windows Phone (Universal).Deploy.0 = Release|Windows Phone (Universal)
		{C4A17398-FD28-49B3-AD34-926E0E86E1B2}.Ad-Hoc|Windows Phone 8.ActiveCfg = Release|Windows Phone 8
		{C4A17398-FD28-49B3-AD34-926E0E86E1B2}.Ad-Hoc|Windows Phone 8.Build.0 = Release|Windows Phone 8
		{C4A17398-FD28-49B3-AD34-926E0E86E1B2}.Ad-Hoc|Windows Phone 8.Deploy.0 = Release|Windows Phone 8
		{C4A17398-FD28-49B3-AD34-926E0E86E1B2}.Ad-Hoc|Windows-AnyCPU.ActiveCfg = Release|Windows-AnyCPU
		{C4A17398-FD28-49B3-AD34-926E0E86E1B2}.Ad-Hoc|Windows-AnyCPU.Build.0 = Release|Windows-AnyCPU
		{C4A17398-FD28-49B3-AD34-926E0E86E1B2}.Ad-Hoc|Windows-AnyCPU.Deploy.0 = Release|Windows-AnyCPU
		{C4A17398-FD28-49B3-AD34-926E0E86E1B2}.Ad-Hoc|Windows-ARM.ActiveCfg = Release|Windows-ARM
		{C4A17398-FD28-49B3-AD34-926E0E86E1B2}.Ad-Hoc|Windows-ARM.Build.0 = Release|Windows-ARM
		{C4A17398-FD28-49B3-AD34-926E0E86E1B2}.Ad-Hoc|Windows-ARM.Deploy.0 = Release|Windows-ARM
		{C4A17398-FD28-49B3-AD34-926E0E86E1B2}.Ad-Hoc|Windows-x64.ActiveCfg = Release|Windows-x64
		{C4A17398-FD28-49B3-AD34-926E0E86E1B2}.Ad-Hoc|Windows-x64.Build.0 = Release|Windows-x64
		{C4A17398-FD28-49B3-AD34-926E0E86E1B2}.Ad-Hoc|Windows-x64.Deploy.0 = Release|Windows-x64
		{C4A17398-FD28-49B3-AD34-926E0E86E1B2}.Ad-Hoc|Windows-x86.ActiveCfg = Release|Windows-x86
		{C4A17398-FD28-49B3-AD34-926E0E86E1B2}.Ad-Hoc|Windows-x86.Build.0 = Release|Windows-x86
		{C4A17398-FD28-49B3-AD34-926E0E86E1B2}.Ad-Hoc|Windows-x86.Deploy.0 = Release|Windows-x86
		{C4A17398-FD28-49B3-AD34-926E0E86E1B2}.Ad-Hoc|x64.ActiveCfg = Release|Windows-x86
		{C4A17398-FD28-49B3-AD34-926E0E86E1B2}.Ad-Hoc|x64.Build.0 = Release|Windows-x86
		{C4A17398-FD28-49B3-AD34-926E0E86E1B2}.Ad-Hoc|x64.Deploy.0 = Release|Windows-x86
		{C4A17398-FD28-49B3-AD34-926E0E86E1B2}.Ad-Hoc|x86.ActiveCfg = Release|Windows-x86
		{C4A17398-FD28-49B3-AD34-926E0E86E1B2}.Ad-Hoc|x86.Build.0 = Release|Windows-x86
		{C4A17398-FD28-49B3-AD34-926E0E86E1B2}.Ad-Hoc|x86.Deploy.0 = Release|Windows-x86
		{C4A17398-FD28-49B3-AD34-926E0E86E1B2}.AppStore|Android.ActiveCfg = Release|Android
		{C4A17398-FD28-49B3-AD34-926E0E86E1B2}.AppStore|Android.Build.0 = Release|Android
		{C4A17398-FD28-49B3-AD34-926E0E86E1B2}.AppStore|Android.Deploy.0 = Release|Android
		{C4A17398-FD28-49B3-AD34-926E0E86E1B2}.AppStore|Any CPU.ActiveCfg = Release|Windows-x86
		{C4A17398-FD28-49B3-AD34-926E0E86E1B2}.AppStore|Any CPU.Build.0 = Release|Windows-x86
		{C4A17398-FD28-49B3-AD34-926E0E86E1B2}.AppStore|Any CPU.Deploy.0 = Release|Windows-x86
		{C4A17398-FD28-49B3-AD34-926E0E86E1B2}.AppStore|ARM.ActiveCfg = Release|Windows-x86
		{C4A17398-FD28-49B3-AD34-926E0E86E1B2}.AppStore|ARM.Build.0 = Release|Windows-x86
		{C4A17398-FD28-49B3-AD34-926E0E86E1B2}.AppStore|ARM.Deploy.0 = Release|Windows-x86
		{C4A17398-FD28-49B3-AD34-926E0E86E1B2}.AppStore|iOS.ActiveCfg = Release|iOS
		{C4A17398-FD28-49B3-AD34-926E0E86E1B2}.AppStore|iOS.Build.0 = Release|iOS
		{C4A17398-FD28-49B3-AD34-926E0E86E1B2}.AppStore|iOS.Deploy.0 = Release|iOS
		{C4A17398-FD28-49B3-AD34-926E0E86E1B2}.AppStore|iPhone.ActiveCfg = Release|Windows-x86
		{C4A17398-FD28-49B3-AD34-926E0E86E1B2}.AppStore|iPhone.Build.0 = Release|Windows-x86
		{C4A17398-FD28-49B3-AD34-926E0E86E1B2}.AppStore|iPhone.Deploy.0 = Release|Windows-x86
		{C4A17398-FD28-49B3-AD34-926E0E86E1B2}.AppStore|iPhoneSimulator.ActiveCfg = Release|Windows-x86
		{C4A17398-FD28-49B3-AD34-926E0E86E1B2}.AppStore|iPhoneSimulator.Build.0 = Release|Windows-x86
		{C4A17398-FD28-49B3-AD34-926E0E86E1B2}.AppStore|iPhoneSimulator.Deploy.0 = Release|Windows-x86
		{C4A17398-FD28-49B3-AD34-926E0E86E1B2}.AppStore|Windows Phone (Universal).ActiveCfg = Release|Windows Phone (Universal)
		{C4A17398-FD28-49B3-AD34-926E0E86E1B2}.AppStore|Windows Phone (Universal).Build.0 = Release|Windows Phone (Universal)
		{C4A17398-FD28-49B3-AD34-926E0E86E1B2}.AppStore|Windows Phone (Universal).Deploy.0 = Release|Windows Phone (Universal)
		{C4A17398-FD28-49B3-AD34-926E0E86E1B2}.AppStore|Windows Phone 8.ActiveCfg = Release|Windows Phone 8
		{C4A17398-FD28-49B3-AD34-926E0E86E1B2}.AppStore|Windows Phone 8.Build.0 = Release|Windows Phone 8
		{C4A17398-FD28-49B3-AD34-926E0E86E1B2}.AppStore|Windows Phone 8.Deploy.0 = Release|Windows Phone 8
		{C4A17398-FD28-49B3-AD34-926E0E86E1B2}.AppStore|Windows-AnyCPU.ActiveCfg = Release|Windows-AnyCPU
		{C4A17398-FD28-49B3-AD34-926E0E86E1B2}.AppStore|Windows-AnyCPU.Build.0 = Release|Windows-AnyCPU
		{C4A17398-FD28-49B3-AD34-926E0E86E1B2}.AppStore|Windows-AnyCPU.Deploy.0 = Release|Windows-AnyCPU
		{C4A17398-FD28-49B3-AD34-926E0E86E1B2}.AppStore|Windows-ARM.ActiveCfg = Release|Windows-ARM
		{C4A17398-FD28-49B3-AD34-926E0E86E1B2}.AppStore|Windows-ARM.Build.0 = Release|Windows-ARM
		{C4A17398-FD28-49B3-AD34-926E0E86E1B2}.AppStore|Windows-ARM.Deploy.0 = Release|Windows-ARM
		{C4A17398-FD28-49B3-AD34-926E0E86E1B2}.AppStore|Windows-x64.ActiveCfg = Release|Windows-x64
		{C4A17398-FD28-49B3-AD34-926E0E86E1B2}.AppStore|Windows-x64.Build.0 = Release|Windows-x64
		{C4A17398-FD28-49B3-AD34-926E0E86E1B2}.AppStore|Windows-x64.Deploy.0 = Release|Windows-x64
		{C4A17398-FD28-49B3-AD34-926E0E86E1B2}.AppStore|Windows-x86.ActiveCfg = Release|Windows-x86
		{C4A17398-FD28-49B3-AD34-926E0E86E1B2}.AppStore|Windows-x86.Build.0 = Release|Windows-x86
		{C4A17398-FD28-49B3-AD34-926E0E86E1B2}.AppStore|Windows-x86.Deploy.0 = Release|Windows-x86
		{C4A17398-FD28-49B3-AD34-926E0E86E1B2}.AppStore|x64.ActiveCfg = Release|Windows-x86
		{C4A17398-FD28-49B3-AD34-926E0E86E1B2}.AppStore|x64.Build.0 = Release|Windows-x86
		{C4A17398-FD28-49B3-AD34-926E0E86E1B2}.AppStore|x64.Deploy.0 = Release|Windows-x86
		{C4A17398-FD28-49B3-AD34-926E0E86E1B2}.AppStore|x86.ActiveCfg = Release|Windows-x86
		{C4A17398-FD28-49B3-AD34-926E0E86E1B2}.AppStore|x86.Build.0 = Release|Windows-x86
		{C4A17398-FD28-49B3-AD34-926E0E86E1B2}.AppStore|x86.Deploy.0 = Release|Windows-x86
		{C4A17398-FD28-49B3-AD34-926E0E86E1B2}.Debug|Android.ActiveCfg = Debug|Android
		{C4A17398-FD28-49B3-AD34-926E0E86E1B2}.Debug|Android.Build.0 = Debug|Android
		{C4A17398-FD28-49B3-AD34-926E0E86E1B2}.Debug|Android.Deploy.0 = Debug|Android
		{C4A17398-FD28-49B3-AD34-926E0E86E1B2}.Debug|Any CPU.ActiveCfg = Debug|Android
		{C4A17398-FD28-49B3-AD34-926E0E86E1B2}.Debug|ARM.ActiveCfg = Debug|Windows-ARM
		{C4A17398-FD28-49B3-AD34-926E0E86E1B2}.Debug|iOS.ActiveCfg = Debug|iOS
		{C4A17398-FD28-49B3-AD34-926E0E86E1B2}.Debug|iOS.Build.0 = Debug|iOS
		{C4A17398-FD28-49B3-AD34-926E0E86E1B2}.Debug|iOS.Deploy.0 = Debug|iOS
		{C4A17398-FD28-49B3-AD34-926E0E86E1B2}.Debug|iPhone.ActiveCfg = Debug|iOS
		{C4A17398-FD28-49B3-AD34-926E0E86E1B2}.Debug|iPhoneSimulator.ActiveCfg = Debug|iOS
		{C4A17398-FD28-49B3-AD34-926E0E86E1B2}.Debug|Windows Phone (Universal).ActiveCfg = Debug|Windows Phone (Universal)
		{C4A17398-FD28-49B3-AD34-926E0E86E1B2}.Debug|Windows Phone (Universal).Build.0 = Debug|Windows Phone (Universal)
		{C4A17398-FD28-49B3-AD34-926E0E86E1B2}.Debug|Windows Phone (Universal).Deploy.0 = Debug|Windows Phone (Universal)
		{C4A17398-FD28-49B3-AD34-926E0E86E1B2}.Debug|Windows Phone 8.ActiveCfg = Debug|Windows Phone 8
		{C4A17398-FD28-49B3-AD34-926E0E86E1B2}.Debug|Windows Phone 8.Build.0 = Debug|Windows Phone 8
		{C4A17398-FD28-49B3-AD34-926E0E86E1B2}.Debug|Windows Phone 8.Deploy.0 = Debug|Windows Phone 8
		{C4A17398-FD28-49B3-AD34-926E0E86E1B2}.Debug|Windows-AnyCPU.ActiveCfg = Debug|Windows-AnyCPU
		{C4A17398-FD28-49B3-AD34-926E0E86E1B2}.Debug|Windows-AnyCPU.Build.0 = Debug|Windows-AnyCPU
		{C4A17398-FD28-49B3-AD34-926E0E86E1B2}.Debug|Windows-AnyCPU.Deploy.0 = Debug|Windows-AnyCPU
		{C4A17398-FD28-49B3-AD34-926E0E86E1B2}.Debug|Windows-ARM.ActiveCfg = Debug|Windows-ARM
		{C4A17398-FD28-49B3-AD34-926E0E86E1B2}.Debug|Windows-ARM.Build.0 = Debug|Windows-ARM
		{C4A17398-FD28-49B3-AD34-926E0E86E1B2}.Debug|Windows-ARM.Deploy.0 = Debug|Windows-ARM
		{C4A17398-FD28-49B3-AD34-926E0E86E1B2}.Debug|Windows-x64.ActiveCfg = Debug|Windows-x64
		{C4A17398-FD28-49B3-AD34-926E0E86E1B2}.Debug|Windows-x64.Build.0 = Debug|Windows-x64
		{C4A17398-FD28-49B3-AD34-926E0E86E1B2}.Debug|Windows-x64.Deploy.0 = Debug|Windows-x64
		{C4A17398-FD28-49B3-AD34-926E0E86E1B2}.Debug|Windows-x86.ActiveCfg = Debug|Windows-x86
		{C4A17398-FD28-49B3-AD34-926E0E86E1B2}.Debug|Windows-x86.Build.0 = Debug|Windows-x86
		{C4A17398-FD28-49B3-AD34-926E0E86E1B2}.Debug|Windows-x86.Deploy.0 = Debug|Windows-x86
		{C4A17398-FD28-49B3-AD34-926E0E86E1B2}.Debug|x64.ActiveCfg = Debug|Windows-x64
		{C4A17398-FD28-49B3-AD34-926E0E86E1B2}.Debug|x86.ActiveCfg = Debug|Windows-x86
		{C4A17398-FD28-49B3-AD34-926E0E86E1B2}.Release|Android.ActiveCfg = Release|Android
		{C4A17398-FD28-49B3-AD34-926E0E86E1B2}.Release|Android.Build.0 = Release|Android
		{C4A17398-FD28-49B3-AD34-926E0E86E1B2}.Release|Android.Deploy.0 = Release|Android
		{C4A17398-FD28-49B3-AD34-926E0E86E1B2}.Release|Any CPU.ActiveCfg = Release|Android
		{C4A17398-FD28-49B3-AD34-926E0E86E1B2}.Release|ARM.ActiveCfg = Release|Windows-ARM
		{C4A17398-FD28-49B3-AD34-926E0E86E1B2}.Release|iOS.ActiveCfg = Release|iOS
		{C4A17398-FD28-49B3-AD34-926E0E86E1B2}.Release|iOS.Build.0 = Release|iOS
		{C4A17398-FD28-49B3-AD34-926E0E86E1B2}.Release|iOS.Deploy.0 = Release|iOS
		{C4A17398-FD28-49B3-AD34-926E0E86E1B2}.Release|iPhone.ActiveCfg = Release|iOS
		{C4A17398-FD28-49B3-AD34-926E0E86E1B2}.Release|iPhoneSimulator.ActiveCfg = Release|iOS
		{C4A17398-FD28-49B3-AD34-926E0E86E1B2}.Release|Windows Phone (Universal).ActiveCfg = Release|Windows Phone (Universal)
		{C4A17398-FD28-49B3-AD34-926E0E86E1B2}.Release|Windows Phone (Universal).Build.0 = Release|Windows Phone (Universal)
		{C4A17398-FD28-49B3-AD34-926E0E86E1B2}.Release|Windows Phone (Universal).Deploy.0 = Release|Windows Phone (Universal)
		{C4A17398-FD28-49B3-AD34-926E0E86E1B2}.Release|Windows Phone 8.ActiveCfg = Release|Windows Phone 8
		{C4A17398-FD28-49B3-AD34-926E0E86E1B2}.Release|Windows Phone 8.Build.0 = Release|Windows Phone 8
		{C4A17398-FD28-49B3-AD34-926E0E86E1B2}.Release|Windows Phone 8.Deploy.0 = Release|Windows Phone 8
		{C4A17398-FD28-49B3-AD34-926E0E86E1B2}.Release|Windows-AnyCPU.ActiveCfg = Release|Windows-AnyCPU
		{C4A17398-FD28-49B3-AD34-926E0E86E1B2}.Release|Windows-AnyCPU.Build.0 = Release|Windows-AnyCPU
		{C4A17398-FD28-49B3-AD34-926E0E86E1B2}.Release|Windows-AnyCPU.Deploy.0 = Release|Windows-AnyCPU
		{C4A17398-FD28-49B3-AD34-926E0E86E1B2}.Release|Windows-ARM.ActiveCfg = Release|Windows-ARM
		{C4A17398-FD28-49B3-AD34-926E0E86E1B2}.Release|Windows-ARM.Build.0 = Release|Windows-ARM
		{C4A17398-FD28-49B3-AD34-926E0E86E1B2}.Release|Windows-ARM.Deploy.0 = Release|Windows-ARM
		{C4A17398-FD28-49B3-AD34-926E0E86E1B2}.Release|Windows-x64.ActiveCfg = Release|Windows-x64
		{C4A17398-FD28-49B3-AD34-926E0E86E1B2}.Release|Windows-x64.Build.0 = Release|Windows-x64
		{C4A17398-FD28-49B3-AD34-926E0E86E1B2}.Release|Windows-x64.Deploy.0 = Release|Windows-x64
		{C4A17398-FD28-49B3-AD34-926E0E86E1B2}.Release|Windows-x86.ActiveCfg = Release|Windows-x86
		{C4A17398-FD28-49B3-AD34-926E0E86E1B2}.Release|Windows-x86.Build.0 = Release|Windows-x86
		{C4A17398-FD28-49B3-AD34-926E0E86E1B2}.Release|Windows-x86.Deploy.0 = Release|Windows-x86
		{C4A17398-FD28-49B3-AD34-926E0E86E1B2}.Release|x64.ActiveCfg = Release|Windows-x64
		{C4A17398-FD28-49B3-AD34-926E0E86E1B2}.Release|x86.ActiveCfg = Release|Windows-x86
		{897321DF-3640-4C7A-B0D6-BE49C3FF4065}.Ad-Hoc|Android.ActiveCfg = Release|Any CPU
		{897321DF-3640-4C7A-B0D6-BE49C3FF4065}.Ad-Hoc|Android.Build.0 = Release|Any CPU
		{897321DF-3640-4C7A-B0D6-BE49C3FF4065}.Ad-Hoc|Any CPU.ActiveCfg = Release|Any CPU
		{897321DF-3640-4C7A-B0D6-BE49C3FF4065}.Ad-Hoc|Any CPU.Build.0 = Release|Any CPU
		{897321DF-3640-4C7A-B0D6-BE49C3FF4065}.Ad-Hoc|ARM.ActiveCfg = Release|Any CPU
		{897321DF-3640-4C7A-B0D6-BE49C3FF4065}.Ad-Hoc|ARM.Build.0 = Release|Any CPU
		{897321DF-3640-4C7A-B0D6-BE49C3FF4065}.Ad-Hoc|iOS.ActiveCfg = Release|Any CPU
		{897321DF-3640-4C7A-B0D6-BE49C3FF4065}.Ad-Hoc|iOS.Build.0 = Release|Any CPU
		{897321DF-3640-4C7A-B0D6-BE49C3FF4065}.Ad-Hoc|iPhone.ActiveCfg = Release|Any CPU
		{897321DF-3640-4C7A-B0D6-BE49C3FF4065}.Ad-Hoc|iPhone.Build.0 = Release|Any CPU
		{897321DF-3640-4C7A-B0D6-BE49C3FF4065}.Ad-Hoc|iPhoneSimulator.ActiveCfg = Release|Any CPU
		{897321DF-3640-4C7A-B0D6-BE49C3FF4065}.Ad-Hoc|iPhoneSimulator.Build.0 = Release|Any CPU
		{897321DF-3640-4C7A-B0D6-BE49C3FF4065}.Ad-Hoc|Windows Phone (Universal).ActiveCfg = Release|Any CPU
		{897321DF-3640-4C7A-B0D6-BE49C3FF4065}.Ad-Hoc|Windows Phone (Universal).Build.0 = Release|Any CPU
		{897321DF-3640-4C7A-B0D6-BE49C3FF4065}.Ad-Hoc|Windows Phone 8.ActiveCfg = Release|Any CPU
		{897321DF-3640-4C7A-B0D6-BE49C3FF4065}.Ad-Hoc|Windows Phone 8.Build.0 = Release|Any CPU
		{897321DF-3640-4C7A-B0D6-BE49C3FF4065}.Ad-Hoc|Windows-AnyCPU.ActiveCfg = Release|Any CPU
		{897321DF-3640-4C7A-B0D6-BE49C3FF4065}.Ad-Hoc|Windows-AnyCPU.Build.0 = Release|Any CPU
		{897321DF-3640-4C7A-B0D6-BE49C3FF4065}.Ad-Hoc|Windows-ARM.ActiveCfg = Release|Any CPU
		{897321DF-3640-4C7A-B0D6-BE49C3FF4065}.Ad-Hoc|Windows-ARM.Build.0 = Release|Any CPU
		{897321DF-3640-4C7A-B0D6-BE49C3FF4065}.Ad-Hoc|Windows-x64.ActiveCfg = Release|Any CPU
		{897321DF-3640-4C7A-B0D6-BE49C3FF4065}.Ad-Hoc|Windows-x64.Build.0 = Release|Any CPU
		{897321DF-3640-4C7A-B0D6-BE49C3FF4065}.Ad-Hoc|Windows-x86.ActiveCfg = Release|Any CPU
		{897321DF-3640-4C7A-B0D6-BE49C3FF4065}.Ad-Hoc|Windows-x86.Build.0 = Release|Any CPU
		{897321DF-3640-4C7A-B0D6-BE49C3FF4065}.Ad-Hoc|x64.ActiveCfg = Release|Any CPU
		{897321DF-3640-4C7A-B0D6-BE49C3FF4065}.Ad-Hoc|x64.Build.0 = Release|Any CPU
		{897321DF-3640-4C7A-B0D6-BE49C3FF4065}.Ad-Hoc|x86.ActiveCfg = Release|Any CPU
		{897321DF-3640-4C7A-B0D6-BE49C3FF4065}.Ad-Hoc|x86.Build.0 = Release|Any CPU
		{897321DF-3640-4C7A-B0D6-BE49C3FF4065}.AppStore|Android.ActiveCfg = Release|Any CPU
		{897321DF-3640-4C7A-B0D6-BE49C3FF4065}.AppStore|Android.Build.0 = Release|Any CPU
		{897321DF-3640-4C7A-B0D6-BE49C3FF4065}.AppStore|Any CPU.ActiveCfg = Release|Any CPU
		{897321DF-3640-4C7A-B0D6-BE49C3FF4065}.AppStore|Any CPU.Build.0 = Release|Any CPU
		{897321DF-3640-4C7A-B0D6-BE49C3FF4065}.AppStore|ARM.ActiveCfg = Release|Any CPU
		{897321DF-3640-4C7A-B0D6-BE49C3FF4065}.AppStore|ARM.Build.0 = Release|Any CPU
		{897321DF-3640-4C7A-B0D6-BE49C3FF4065}.AppStore|iOS.ActiveCfg = Release|Any CPU
		{897321DF-3640-4C7A-B0D6-BE49C3FF4065}.AppStore|iOS.Build.0 = Release|Any CPU
		{897321DF-3640-4C7A-B0D6-BE49C3FF4065}.AppStore|iPhone.ActiveCfg = Release|Any CPU
		{897321DF-3640-4C7A-B0D6-BE49C3FF4065}.AppStore|iPhone.Build.0 = Release|Any CPU
		{897321DF-3640-4C7A-B0D6-BE49C3FF4065}.AppStore|iPhoneSimulator.ActiveCfg = Release|Any CPU
		{897321DF-3640-4C7A-B0D6-BE49C3FF4065}.AppStore|iPhoneSimulator.Build.0 = Release|Any CPU
		{897321DF-3640-4C7A-B0D6-BE49C3FF4065}.AppStore|Windows Phone (Universal).ActiveCfg = Release|Any CPU
		{897321DF-3640-4C7A-B0D6-BE49C3FF4065}.AppStore|Windows Phone (Universal).Build.0 = Release|Any CPU
		{897321DF-3640-4C7A-B0D6-BE49C3FF4065}.AppStore|Windows Phone 8.ActiveCfg = Release|Any CPU
		{897321DF-3640-4C7A-B0D6-BE49C3FF4065}.AppStore|Windows Phone 8.Build.0 = Release|Any CPU
		{897321DF-3640-4C7A-B0D6-BE49C3FF4065}.AppStore|Windows-AnyCPU.ActiveCfg = Release|Any CPU
		{897321DF-3640-4C7A-B0D6-BE49C3FF4065}.AppStore|Windows-AnyCPU.Build.0 = Release|Any CPU
		{897321DF-3640-4C7A-B0D6-BE49C3FF4065}.AppStore|Windows-ARM.ActiveCfg = Release|Any CPU
		{897321DF-3640-4C7A-B0D6-BE49C3FF4065}.AppStore|Windows-ARM.Build.0 = Release|Any CPU
		{897321DF-3640-4C7A-B0D6-BE49C3FF4065}.AppStore|Windows-x64.ActiveCfg = Release|Any CPU
		{897321DF-3640-4C7A-B0D6-BE49C3FF4065}.AppStore|Windows-x64.Build.0 = Release|Any CPU
		{897321DF-3640-4C7A-B0D6-BE49C3FF4065}.AppStore|Windows-x86.ActiveCfg = Release|Any CPU
		{897321DF-3640-4C7A-B0D6-BE49C3FF4065}.AppStore|Windows-x86.Build.0 = Release|Any CPU
		{897321DF-3640-4C7A-B0D6-BE49C3FF4065}.AppStore|x64.ActiveCfg = Release|Any CPU
		{897321DF-3640-4C7A-B0D6-BE49C3FF4065}.AppStore|x64.Build.0 = Release|Any CPU
		{897321DF-3640-4C7A-B0D6-BE49C3FF4065}.AppStore|x86.ActiveCfg = Release|Any CPU
		{897321DF-3640-4C7A-B0D6-BE49C3FF4065}.AppStore|x86.Build.0 = Release|Any CPU
		{897321DF-3640-4C7A-B0D6-BE49C3FF4065}.Debug|Android.ActiveCfg = Debug|Any CPU
		{897321DF-3640-4C7A-B0D6-BE49C3FF4065}.Debug|Android.Build.0 = Debug|Any CPU
		{897321DF-3640-4C7A-B0D6-BE49C3FF4065}.Debug|Any CPU.ActiveCfg = Debug|Any CPU
		{897321DF-3640-4C7A-B0D6-BE49C3FF4065}.Debug|Any CPU.Build.0 = Debug|Any CPU
		{897321DF-3640-4C7A-B0D6-BE49C3FF4065}.Debug|ARM.ActiveCfg = Debug|Any CPU
		{897321DF-3640-4C7A-B0D6-BE49C3FF4065}.Debug|ARM.Build.0 = Debug|Any CPU
		{897321DF-3640-4C7A-B0D6-BE49C3FF4065}.Debug|iOS.ActiveCfg = Debug|Any CPU
		{897321DF-3640-4C7A-B0D6-BE49C3FF4065}.Debug|iOS.Build.0 = Debug|Any CPU
		{897321DF-3640-4C7A-B0D6-BE49C3FF4065}.Debug|iPhone.ActiveCfg = Debug|Any CPU
		{897321DF-3640-4C7A-B0D6-BE49C3FF4065}.Debug|iPhone.Build.0 = Debug|Any CPU
		{897321DF-3640-4C7A-B0D6-BE49C3FF4065}.Debug|iPhoneSimulator.ActiveCfg = Debug|Any CPU
		{897321DF-3640-4C7A-B0D6-BE49C3FF4065}.Debug|iPhoneSimulator.Build.0 = Debug|Any CPU
		{897321DF-3640-4C7A-B0D6-BE49C3FF4065}.Debug|Windows Phone (Universal).ActiveCfg = Debug|Any CPU
		{897321DF-3640-4C7A-B0D6-BE49C3FF4065}.Debug|Windows Phone (Universal).Build.0 = Debug|Any CPU
		{897321DF-3640-4C7A-B0D6-BE49C3FF4065}.Debug|Windows Phone 8.ActiveCfg = Debug|Any CPU
		{897321DF-3640-4C7A-B0D6-BE49C3FF4065}.Debug|Windows Phone 8.Build.0 = Debug|Any CPU
		{897321DF-3640-4C7A-B0D6-BE49C3FF4065}.Debug|Windows-AnyCPU.ActiveCfg = Debug|Any CPU
		{897321DF-3640-4C7A-B0D6-BE49C3FF4065}.Debug|Windows-AnyCPU.Build.0 = Debug|Any CPU
		{897321DF-3640-4C7A-B0D6-BE49C3FF4065}.Debug|Windows-ARM.ActiveCfg = Debug|Any CPU
		{897321DF-3640-4C7A-B0D6-BE49C3FF4065}.Debug|Windows-ARM.Build.0 = Debug|Any CPU
		{897321DF-3640-4C7A-B0D6-BE49C3FF4065}.Debug|Windows-x64.ActiveCfg = Debug|Any CPU
		{897321DF-3640-4C7A-B0D6-BE49C3FF4065}.Debug|Windows-x64.Build.0 = Debug|Any CPU
		{897321DF-3640-4C7A-B0D6-BE49C3FF4065}.Debug|Windows-x86.ActiveCfg = Debug|Any CPU
		{897321DF-3640-4C7A-B0D6-BE49C3FF4065}.Debug|Windows-x86.Build.0 = Debug|Any CPU
		{897321DF-3640-4C7A-B0D6-BE49C3FF4065}.Debug|x64.ActiveCfg = Debug|Any CPU
		{897321DF-3640-4C7A-B0D6-BE49C3FF4065}.Debug|x64.Build.0 = Debug|Any CPU
		{897321DF-3640-4C7A-B0D6-BE49C3FF4065}.Debug|x86.ActiveCfg = Debug|Any CPU
		{897321DF-3640-4C7A-B0D6-BE49C3FF4065}.Debug|x86.Build.0 = Debug|Any CPU
		{897321DF-3640-4C7A-B0D6-BE49C3FF4065}.Release|Android.ActiveCfg = Release|Any CPU
		{897321DF-3640-4C7A-B0D6-BE49C3FF4065}.Release|Android.Build.0 = Release|Any CPU
		{897321DF-3640-4C7A-B0D6-BE49C3FF4065}.Release|Any CPU.ActiveCfg = Release|Any CPU
		{897321DF-3640-4C7A-B0D6-BE49C3FF4065}.Release|Any CPU.Build.0 = Release|Any CPU
		{897321DF-3640-4C7A-B0D6-BE49C3FF4065}.Release|ARM.ActiveCfg = Release|Any CPU
		{897321DF-3640-4C7A-B0D6-BE49C3FF4065}.Release|ARM.Build.0 = Release|Any CPU
		{897321DF-3640-4C7A-B0D6-BE49C3FF4065}.Release|iOS.ActiveCfg = Release|Any CPU
		{897321DF-3640-4C7A-B0D6-BE49C3FF4065}.Release|iOS.Build.0 = Release|Any CPU
		{897321DF-3640-4C7A-B0D6-BE49C3FF4065}.Release|iPhone.ActiveCfg = Release|Any CPU
		{897321DF-3640-4C7A-B0D6-BE49C3FF4065}.Release|iPhone.Build.0 = Release|Any CPU
		{897321DF-3640-4C7A-B0D6-BE49C3FF4065}.Release|iPhoneSimulator.ActiveCfg = Release|Any CPU
		{897321DF-3640-4C7A-B0D6-BE49C3FF4065}.Release|iPhoneSimulator.Build.0 = Release|Any CPU
		{897321DF-3640-4C7A-B0D6-BE49C3FF4065}.Release|Windows Phone (Universal).ActiveCfg = Release|Any CPU
		{897321DF-3640-4C7A-B0D6-BE49C3FF4065}.Release|Windows Phone (Universal).Build.0 = Release|Any CPU
		{897321DF-3640-4C7A-B0D6-BE49C3FF4065}.Release|Windows Phone 8.ActiveCfg = Release|Any CPU
		{897321DF-3640-4C7A-B0D6-BE49C3FF4065}.Release|Windows Phone 8.Build.0 = Release|Any CPU
		{897321DF-3640-4C7A-B0D6-BE49C3FF4065}.Release|Windows-AnyCPU.ActiveCfg = Release|Any CPU
		{897321DF-3640-4C7A-B0D6-BE49C3FF4065}.Release|Windows-AnyCPU.Build.0 = Release|Any CPU
		{897321DF-3640-4C7A-B0D6-BE49C3FF4065}.Release|Windows-ARM.ActiveCfg = Release|Any CPU
		{897321DF-3640-4C7A-B0D6-BE49C3FF4065}.Release|Windows-ARM.Build.0 = Release|Any CPU
		{897321DF-3640-4C7A-B0D6-BE49C3FF4065}.Release|Windows-x64.ActiveCfg = Release|Any CPU
		{897321DF-3640-4C7A-B0D6-BE49C3FF4065}.Release|Windows-x64.Build.0 = Release|Any CPU
		{897321DF-3640-4C7A-B0D6-BE49C3FF4065}.Release|Windows-x86.ActiveCfg = Release|Any CPU
		{897321DF-3640-4C7A-B0D6-BE49C3FF4065}.Release|Windows-x86.Build.0 = Release|Any CPU
		{897321DF-3640-4C7A-B0D6-BE49C3FF4065}.Release|x64.ActiveCfg = Release|Any CPU
		{897321DF-3640-4C7A-B0D6-BE49C3FF4065}.Release|x64.Build.0 = Release|Any CPU
		{897321DF-3640-4C7A-B0D6-BE49C3FF4065}.Release|x86.ActiveCfg = Release|Any CPU
		{897321DF-3640-4C7A-B0D6-BE49C3FF4065}.Release|x86.Build.0 = Release|Any CPU
		{125E4531-D997-4106-8515-C7A344982DB7}.Ad-Hoc|Android.ActiveCfg = Release|Any CPU
		{125E4531-D997-4106-8515-C7A344982DB7}.Ad-Hoc|Android.Build.0 = Release|Any CPU
		{125E4531-D997-4106-8515-C7A344982DB7}.Ad-Hoc|Android.Deploy.0 = Release|Any CPU
		{125E4531-D997-4106-8515-C7A344982DB7}.Ad-Hoc|Any CPU.ActiveCfg = Release|Any CPU
		{125E4531-D997-4106-8515-C7A344982DB7}.Ad-Hoc|Any CPU.Build.0 = Release|Any CPU
		{125E4531-D997-4106-8515-C7A344982DB7}.Ad-Hoc|Any CPU.Deploy.0 = Release|Any CPU
		{125E4531-D997-4106-8515-C7A344982DB7}.Ad-Hoc|ARM.ActiveCfg = Release|Any CPU
		{125E4531-D997-4106-8515-C7A344982DB7}.Ad-Hoc|ARM.Build.0 = Release|Any CPU
		{125E4531-D997-4106-8515-C7A344982DB7}.Ad-Hoc|ARM.Deploy.0 = Release|Any CPU
		{125E4531-D997-4106-8515-C7A344982DB7}.Ad-Hoc|iOS.ActiveCfg = Release|Any CPU
		{125E4531-D997-4106-8515-C7A344982DB7}.Ad-Hoc|iOS.Build.0 = Release|Any CPU
		{125E4531-D997-4106-8515-C7A344982DB7}.Ad-Hoc|iOS.Deploy.0 = Release|Any CPU
		{125E4531-D997-4106-8515-C7A344982DB7}.Ad-Hoc|iPhone.ActiveCfg = Release|Any CPU
		{125E4531-D997-4106-8515-C7A344982DB7}.Ad-Hoc|iPhone.Build.0 = Release|Any CPU
		{125E4531-D997-4106-8515-C7A344982DB7}.Ad-Hoc|iPhone.Deploy.0 = Release|Any CPU
		{125E4531-D997-4106-8515-C7A344982DB7}.Ad-Hoc|iPhoneSimulator.ActiveCfg = Release|Any CPU
		{125E4531-D997-4106-8515-C7A344982DB7}.Ad-Hoc|iPhoneSimulator.Build.0 = Release|Any CPU
		{125E4531-D997-4106-8515-C7A344982DB7}.Ad-Hoc|iPhoneSimulator.Deploy.0 = Release|Any CPU
		{125E4531-D997-4106-8515-C7A344982DB7}.Ad-Hoc|Windows Phone (Universal).ActiveCfg = Release|Any CPU
		{125E4531-D997-4106-8515-C7A344982DB7}.Ad-Hoc|Windows Phone (Universal).Build.0 = Release|Any CPU
		{125E4531-D997-4106-8515-C7A344982DB7}.Ad-Hoc|Windows Phone (Universal).Deploy.0 = Release|Any CPU
		{125E4531-D997-4106-8515-C7A344982DB7}.Ad-Hoc|Windows Phone 8.ActiveCfg = Release|Any CPU
		{125E4531-D997-4106-8515-C7A344982DB7}.Ad-Hoc|Windows Phone 8.Build.0 = Release|Any CPU
		{125E4531-D997-4106-8515-C7A344982DB7}.Ad-Hoc|Windows Phone 8.Deploy.0 = Release|Any CPU
		{125E4531-D997-4106-8515-C7A344982DB7}.Ad-Hoc|Windows-AnyCPU.ActiveCfg = Release|Any CPU
		{125E4531-D997-4106-8515-C7A344982DB7}.Ad-Hoc|Windows-AnyCPU.Build.0 = Release|Any CPU
		{125E4531-D997-4106-8515-C7A344982DB7}.Ad-Hoc|Windows-AnyCPU.Deploy.0 = Release|Any CPU
		{125E4531-D997-4106-8515-C7A344982DB7}.Ad-Hoc|Windows-ARM.ActiveCfg = Release|Any CPU
		{125E4531-D997-4106-8515-C7A344982DB7}.Ad-Hoc|Windows-ARM.Build.0 = Release|Any CPU
		{125E4531-D997-4106-8515-C7A344982DB7}.Ad-Hoc|Windows-ARM.Deploy.0 = Release|Any CPU
		{125E4531-D997-4106-8515-C7A344982DB7}.Ad-Hoc|Windows-x64.ActiveCfg = Release|Any CPU
		{125E4531-D997-4106-8515-C7A344982DB7}.Ad-Hoc|Windows-x64.Build.0 = Release|Any CPU
		{125E4531-D997-4106-8515-C7A344982DB7}.Ad-Hoc|Windows-x64.Deploy.0 = Release|Any CPU
		{125E4531-D997-4106-8515-C7A344982DB7}.Ad-Hoc|Windows-x86.ActiveCfg = Release|Any CPU
		{125E4531-D997-4106-8515-C7A344982DB7}.Ad-Hoc|Windows-x86.Build.0 = Release|Any CPU
		{125E4531-D997-4106-8515-C7A344982DB7}.Ad-Hoc|Windows-x86.Deploy.0 = Release|Any CPU
		{125E4531-D997-4106-8515-C7A344982DB7}.Ad-Hoc|x64.ActiveCfg = Release|Any CPU
		{125E4531-D997-4106-8515-C7A344982DB7}.Ad-Hoc|x64.Build.0 = Release|Any CPU
		{125E4531-D997-4106-8515-C7A344982DB7}.Ad-Hoc|x64.Deploy.0 = Release|Any CPU
		{125E4531-D997-4106-8515-C7A344982DB7}.Ad-Hoc|x86.ActiveCfg = Release|Any CPU
		{125E4531-D997-4106-8515-C7A344982DB7}.Ad-Hoc|x86.Build.0 = Release|Any CPU
		{125E4531-D997-4106-8515-C7A344982DB7}.Ad-Hoc|x86.Deploy.0 = Release|Any CPU
		{125E4531-D997-4106-8515-C7A344982DB7}.AppStore|Android.ActiveCfg = Release|Any CPU
		{125E4531-D997-4106-8515-C7A344982DB7}.AppStore|Android.Build.0 = Release|Any CPU
		{125E4531-D997-4106-8515-C7A344982DB7}.AppStore|Android.Deploy.0 = Release|Any CPU
		{125E4531-D997-4106-8515-C7A344982DB7}.AppStore|Any CPU.ActiveCfg = Release|Any CPU
		{125E4531-D997-4106-8515-C7A344982DB7}.AppStore|Any CPU.Build.0 = Release|Any CPU
		{125E4531-D997-4106-8515-C7A344982DB7}.AppStore|Any CPU.Deploy.0 = Release|Any CPU
		{125E4531-D997-4106-8515-C7A344982DB7}.AppStore|ARM.ActiveCfg = Release|Any CPU
		{125E4531-D997-4106-8515-C7A344982DB7}.AppStore|ARM.Build.0 = Release|Any CPU
		{125E4531-D997-4106-8515-C7A344982DB7}.AppStore|ARM.Deploy.0 = Release|Any CPU
		{125E4531-D997-4106-8515-C7A344982DB7}.AppStore|iOS.ActiveCfg = Release|Any CPU
		{125E4531-D997-4106-8515-C7A344982DB7}.AppStore|iOS.Build.0 = Release|Any CPU
		{125E4531-D997-4106-8515-C7A344982DB7}.AppStore|iOS.Deploy.0 = Release|Any CPU
		{125E4531-D997-4106-8515-C7A344982DB7}.AppStore|iPhone.ActiveCfg = Release|Any CPU
		{125E4531-D997-4106-8515-C7A344982DB7}.AppStore|iPhone.Build.0 = Release|Any CPU
		{125E4531-D997-4106-8515-C7A344982DB7}.AppStore|iPhone.Deploy.0 = Release|Any CPU
		{125E4531-D997-4106-8515-C7A344982DB7}.AppStore|iPhoneSimulator.ActiveCfg = Release|Any CPU
		{125E4531-D997-4106-8515-C7A344982DB7}.AppStore|iPhoneSimulator.Build.0 = Release|Any CPU
		{125E4531-D997-4106-8515-C7A344982DB7}.AppStore|iPhoneSimulator.Deploy.0 = Release|Any CPU
		{125E4531-D997-4106-8515-C7A344982DB7}.AppStore|Windows Phone (Universal).ActiveCfg = Release|Any CPU
		{125E4531-D997-4106-8515-C7A344982DB7}.AppStore|Windows Phone (Universal).Build.0 = Release|Any CPU
		{125E4531-D997-4106-8515-C7A344982DB7}.AppStore|Windows Phone (Universal).Deploy.0 = Release|Any CPU
		{125E4531-D997-4106-8515-C7A344982DB7}.AppStore|Windows Phone 8.ActiveCfg = Release|Any CPU
		{125E4531-D997-4106-8515-C7A344982DB7}.AppStore|Windows Phone 8.Build.0 = Release|Any CPU
		{125E4531-D997-4106-8515-C7A344982DB7}.AppStore|Windows Phone 8.Deploy.0 = Release|Any CPU
		{125E4531-D997-4106-8515-C7A344982DB7}.AppStore|Windows-AnyCPU.ActiveCfg = Release|Any CPU
		{125E4531-D997-4106-8515-C7A344982DB7}.AppStore|Windows-AnyCPU.Build.0 = Release|Any CPU
		{125E4531-D997-4106-8515-C7A344982DB7}.AppStore|Windows-AnyCPU.Deploy.0 = Release|Any CPU
		{125E4531-D997-4106-8515-C7A344982DB7}.AppStore|Windows-ARM.ActiveCfg = Release|Any CPU
		{125E4531-D997-4106-8515-C7A344982DB7}.AppStore|Windows-ARM.Build.0 = Release|Any CPU
		{125E4531-D997-4106-8515-C7A344982DB7}.AppStore|Windows-ARM.Deploy.0 = Release|Any CPU
		{125E4531-D997-4106-8515-C7A344982DB7}.AppStore|Windows-x64.ActiveCfg = Release|Any CPU
		{125E4531-D997-4106-8515-C7A344982DB7}.AppStore|Windows-x64.Build.0 = Release|Any CPU
		{125E4531-D997-4106-8515-C7A344982DB7}.AppStore|Windows-x64.Deploy.0 = Release|Any CPU
		{125E4531-D997-4106-8515-C7A344982DB7}.AppStore|Windows-x86.ActiveCfg = Release|Any CPU
		{125E4531-D997-4106-8515-C7A344982DB7}.AppStore|Windows-x86.Build.0 = Release|Any CPU
		{125E4531-D997-4106-8515-C7A344982DB7}.AppStore|Windows-x86.Deploy.0 = Release|Any CPU
		{125E4531-D997-4106-8515-C7A344982DB7}.AppStore|x64.ActiveCfg = Release|Any CPU
		{125E4531-D997-4106-8515-C7A344982DB7}.AppStore|x64.Build.0 = Release|Any CPU
		{125E4531-D997-4106-8515-C7A344982DB7}.AppStore|x64.Deploy.0 = Release|Any CPU
		{125E4531-D997-4106-8515-C7A344982DB7}.AppStore|x86.ActiveCfg = Release|Any CPU
		{125E4531-D997-4106-8515-C7A344982DB7}.AppStore|x86.Build.0 = Release|Any CPU
		{125E4531-D997-4106-8515-C7A344982DB7}.AppStore|x86.Deploy.0 = Release|Any CPU
		{125E4531-D997-4106-8515-C7A344982DB7}.Debug|Android.ActiveCfg = Debug|Any CPU
		{125E4531-D997-4106-8515-C7A344982DB7}.Debug|Android.Build.0 = Debug|Any CPU
		{125E4531-D997-4106-8515-C7A344982DB7}.Debug|Android.Deploy.0 = Debug|Any CPU
		{125E4531-D997-4106-8515-C7A344982DB7}.Debug|Any CPU.ActiveCfg = Debug|Any CPU
		{125E4531-D997-4106-8515-C7A344982DB7}.Debug|Any CPU.Build.0 = Debug|Any CPU
		{125E4531-D997-4106-8515-C7A344982DB7}.Debug|Any CPU.Deploy.0 = Debug|Any CPU
		{125E4531-D997-4106-8515-C7A344982DB7}.Debug|ARM.ActiveCfg = Debug|Any CPU
		{125E4531-D997-4106-8515-C7A344982DB7}.Debug|ARM.Build.0 = Debug|Any CPU
		{125E4531-D997-4106-8515-C7A344982DB7}.Debug|ARM.Deploy.0 = Debug|Any CPU
		{125E4531-D997-4106-8515-C7A344982DB7}.Debug|iOS.ActiveCfg = Debug|Any CPU
		{125E4531-D997-4106-8515-C7A344982DB7}.Debug|iOS.Build.0 = Debug|Any CPU
		{125E4531-D997-4106-8515-C7A344982DB7}.Debug|iOS.Deploy.0 = Debug|Any CPU
		{125E4531-D997-4106-8515-C7A344982DB7}.Debug|iPhone.ActiveCfg = Debug|Any CPU
		{125E4531-D997-4106-8515-C7A344982DB7}.Debug|iPhone.Build.0 = Debug|Any CPU
		{125E4531-D997-4106-8515-C7A344982DB7}.Debug|iPhone.Deploy.0 = Debug|Any CPU
		{125E4531-D997-4106-8515-C7A344982DB7}.Debug|iPhoneSimulator.ActiveCfg = Debug|Any CPU
		{125E4531-D997-4106-8515-C7A344982DB7}.Debug|iPhoneSimulator.Build.0 = Debug|Any CPU
		{125E4531-D997-4106-8515-C7A344982DB7}.Debug|iPhoneSimulator.Deploy.0 = Debug|Any CPU
		{125E4531-D997-4106-8515-C7A344982DB7}.Debug|Windows Phone (Universal).ActiveCfg = Debug|Any CPU
		{125E4531-D997-4106-8515-C7A344982DB7}.Debug|Windows Phone (Universal).Build.0 = Debug|Any CPU
		{125E4531-D997-4106-8515-C7A344982DB7}.Debug|Windows Phone (Universal).Deploy.0 = Debug|Any CPU
		{125E4531-D997-4106-8515-C7A344982DB7}.Debug|Windows Phone 8.ActiveCfg = Debug|Any CPU
		{125E4531-D997-4106-8515-C7A344982DB7}.Debug|Windows Phone 8.Build.0 = Debug|Any CPU
		{125E4531-D997-4106-8515-C7A344982DB7}.Debug|Windows Phone 8.Deploy.0 = Debug|Any CPU
		{125E4531-D997-4106-8515-C7A344982DB7}.Debug|Windows-AnyCPU.ActiveCfg = Debug|Any CPU
		{125E4531-D997-4106-8515-C7A344982DB7}.Debug|Windows-AnyCPU.Build.0 = Debug|Any CPU
		{125E4531-D997-4106-8515-C7A344982DB7}.Debug|Windows-AnyCPU.Deploy.0 = Debug|Any CPU
		{125E4531-D997-4106-8515-C7A344982DB7}.Debug|Windows-ARM.ActiveCfg = Debug|Any CPU
		{125E4531-D997-4106-8515-C7A344982DB7}.Debug|Windows-ARM.Build.0 = Debug|Any CPU
		{125E4531-D997-4106-8515-C7A344982DB7}.Debug|Windows-ARM.Deploy.0 = Debug|Any CPU
		{125E4531-D997-4106-8515-C7A344982DB7}.Debug|Windows-x64.ActiveCfg = Debug|Any CPU
		{125E4531-D997-4106-8515-C7A344982DB7}.Debug|Windows-x64.Build.0 = Debug|Any CPU
		{125E4531-D997-4106-8515-C7A344982DB7}.Debug|Windows-x64.Deploy.0 = Debug|Any CPU
		{125E4531-D997-4106-8515-C7A344982DB7}.Debug|Windows-x86.ActiveCfg = Debug|Any CPU
		{125E4531-D997-4106-8515-C7A344982DB7}.Debug|Windows-x86.Build.0 = Debug|Any CPU
		{125E4531-D997-4106-8515-C7A344982DB7}.Debug|Windows-x86.Deploy.0 = Debug|Any CPU
		{125E4531-D997-4106-8515-C7A344982DB7}.Debug|x64.ActiveCfg = Debug|Any CPU
		{125E4531-D997-4106-8515-C7A344982DB7}.Debug|x64.Build.0 = Debug|Any CPU
		{125E4531-D997-4106-8515-C7A344982DB7}.Debug|x64.Deploy.0 = Debug|Any CPU
		{125E4531-D997-4106-8515-C7A344982DB7}.Debug|x86.ActiveCfg = Debug|Any CPU
		{125E4531-D997-4106-8515-C7A344982DB7}.Debug|x86.Build.0 = Debug|Any CPU
		{125E4531-D997-4106-8515-C7A344982DB7}.Debug|x86.Deploy.0 = Debug|Any CPU
		{125E4531-D997-4106-8515-C7A344982DB7}.Release|Android.ActiveCfg = Release|Any CPU
		{125E4531-D997-4106-8515-C7A344982DB7}.Release|Android.Build.0 = Release|Any CPU
		{125E4531-D997-4106-8515-C7A344982DB7}.Release|Android.Deploy.0 = Release|Any CPU
		{125E4531-D997-4106-8515-C7A344982DB7}.Release|Any CPU.ActiveCfg = Release|Any CPU
		{125E4531-D997-4106-8515-C7A344982DB7}.Release|Any CPU.Build.0 = Release|Any CPU
		{125E4531-D997-4106-8515-C7A344982DB7}.Release|Any CPU.Deploy.0 = Release|Any CPU
		{125E4531-D997-4106-8515-C7A344982DB7}.Release|ARM.ActiveCfg = Release|Any CPU
		{125E4531-D997-4106-8515-C7A344982DB7}.Release|ARM.Build.0 = Release|Any CPU
		{125E4531-D997-4106-8515-C7A344982DB7}.Release|ARM.Deploy.0 = Release|Any CPU
		{125E4531-D997-4106-8515-C7A344982DB7}.Release|iOS.ActiveCfg = Release|Any CPU
		{125E4531-D997-4106-8515-C7A344982DB7}.Release|iOS.Build.0 = Release|Any CPU
		{125E4531-D997-4106-8515-C7A344982DB7}.Release|iOS.Deploy.0 = Release|Any CPU
		{125E4531-D997-4106-8515-C7A344982DB7}.Release|iPhone.ActiveCfg = Release|Any CPU
		{125E4531-D997-4106-8515-C7A344982DB7}.Release|iPhone.Build.0 = Release|Any CPU
		{125E4531-D997-4106-8515-C7A344982DB7}.Release|iPhone.Deploy.0 = Release|Any CPU
		{125E4531-D997-4106-8515-C7A344982DB7}.Release|iPhoneSimulator.ActiveCfg = Release|Any CPU
		{125E4531-D997-4106-8515-C7A344982DB7}.Release|iPhoneSimulator.Build.0 = Release|Any CPU
		{125E4531-D997-4106-8515-C7A344982DB7}.Release|iPhoneSimulator.Deploy.0 = Release|Any CPU
		{125E4531-D997-4106-8515-C7A344982DB7}.Release|Windows Phone (Universal).ActiveCfg = Release|Any CPU
		{125E4531-D997-4106-8515-C7A344982DB7}.Release|Windows Phone (Universal).Build.0 = Release|Any CPU
		{125E4531-D997-4106-8515-C7A344982DB7}.Release|Windows Phone (Universal).Deploy.0 = Release|Any CPU
		{125E4531-D997-4106-8515-C7A344982DB7}.Release|Windows Phone 8.ActiveCfg = Release|Any CPU
		{125E4531-D997-4106-8515-C7A344982DB7}.Release|Windows Phone 8.Build.0 = Release|Any CPU
		{125E4531-D997-4106-8515-C7A344982DB7}.Release|Windows Phone 8.Deploy.0 = Release|Any CPU
		{125E4531-D997-4106-8515-C7A344982DB7}.Release|Windows-AnyCPU.ActiveCfg = Release|Any CPU
		{125E4531-D997-4106-8515-C7A344982DB7}.Release|Windows-AnyCPU.Build.0 = Release|Any CPU
		{125E4531-D997-4106-8515-C7A344982DB7}.Release|Windows-AnyCPU.Deploy.0 = Release|Any CPU
		{125E4531-D997-4106-8515-C7A344982DB7}.Release|Windows-ARM.ActiveCfg = Release|Any CPU
		{125E4531-D997-4106-8515-C7A344982DB7}.Release|Windows-ARM.Build.0 = Release|Any CPU
		{125E4531-D997-4106-8515-C7A344982DB7}.Release|Windows-ARM.Deploy.0 = Release|Any CPU
		{125E4531-D997-4106-8515-C7A344982DB7}.Release|Windows-x64.ActiveCfg = Release|Any CPU
		{125E4531-D997-4106-8515-C7A344982DB7}.Release|Windows-x64.Build.0 = Release|Any CPU
		{125E4531-D997-4106-8515-C7A344982DB7}.Release|Windows-x64.Deploy.0 = Release|Any CPU
		{125E4531-D997-4106-8515-C7A344982DB7}.Release|Windows-x86.ActiveCfg = Release|Any CPU
		{125E4531-D997-4106-8515-C7A344982DB7}.Release|Windows-x86.Build.0 = Release|Any CPU
		{125E4531-D997-4106-8515-C7A344982DB7}.Release|Windows-x86.Deploy.0 = Release|Any CPU
		{125E4531-D997-4106-8515-C7A344982DB7}.Release|x64.ActiveCfg = Release|Any CPU
		{125E4531-D997-4106-8515-C7A344982DB7}.Release|x64.Build.0 = Release|Any CPU
		{125E4531-D997-4106-8515-C7A344982DB7}.Release|x64.Deploy.0 = Release|Any CPU
		{125E4531-D997-4106-8515-C7A344982DB7}.Release|x86.ActiveCfg = Release|Any CPU
		{125E4531-D997-4106-8515-C7A344982DB7}.Release|x86.Build.0 = Release|Any CPU
		{125E4531-D997-4106-8515-C7A344982DB7}.Release|x86.Deploy.0 = Release|Any CPU
		{B94526D9-D888-4AC3-B0B1-42BEFCFFB3D0}.Ad-Hoc|Android.ActiveCfg = Ad-Hoc|iPhone
		{B94526D9-D888-4AC3-B0B1-42BEFCFFB3D0}.Ad-Hoc|Any CPU.ActiveCfg = Ad-Hoc|iPhone
		{B94526D9-D888-4AC3-B0B1-42BEFCFFB3D0}.Ad-Hoc|ARM.ActiveCfg = Ad-Hoc|iPhone
		{B94526D9-D888-4AC3-B0B1-42BEFCFFB3D0}.Ad-Hoc|iOS.ActiveCfg = Ad-Hoc|iPhone
		{B94526D9-D888-4AC3-B0B1-42BEFCFFB3D0}.Ad-Hoc|iPhone.ActiveCfg = Ad-Hoc|iPhone
		{B94526D9-D888-4AC3-B0B1-42BEFCFFB3D0}.Ad-Hoc|iPhone.Build.0 = Ad-Hoc|iPhone
		{B94526D9-D888-4AC3-B0B1-42BEFCFFB3D0}.Ad-Hoc|iPhoneSimulator.ActiveCfg = Ad-Hoc|iPhoneSimulator
		{B94526D9-D888-4AC3-B0B1-42BEFCFFB3D0}.Ad-Hoc|iPhoneSimulator.Build.0 = Ad-Hoc|iPhoneSimulator
		{B94526D9-D888-4AC3-B0B1-42BEFCFFB3D0}.Ad-Hoc|Windows Phone (Universal).ActiveCfg = Ad-Hoc|iPhone
		{B94526D9-D888-4AC3-B0B1-42BEFCFFB3D0}.Ad-Hoc|Windows Phone 8.ActiveCfg = Ad-Hoc|iPhone
		{B94526D9-D888-4AC3-B0B1-42BEFCFFB3D0}.Ad-Hoc|Windows-AnyCPU.ActiveCfg = Ad-Hoc|iPhone
		{B94526D9-D888-4AC3-B0B1-42BEFCFFB3D0}.Ad-Hoc|Windows-ARM.ActiveCfg = Ad-Hoc|iPhone
		{B94526D9-D888-4AC3-B0B1-42BEFCFFB3D0}.Ad-Hoc|Windows-x64.ActiveCfg = Ad-Hoc|iPhone
		{B94526D9-D888-4AC3-B0B1-42BEFCFFB3D0}.Ad-Hoc|Windows-x86.ActiveCfg = Ad-Hoc|iPhone
		{B94526D9-D888-4AC3-B0B1-42BEFCFFB3D0}.Ad-Hoc|x64.ActiveCfg = Ad-Hoc|iPhone
		{B94526D9-D888-4AC3-B0B1-42BEFCFFB3D0}.Ad-Hoc|x86.ActiveCfg = Ad-Hoc|iPhone
		{B94526D9-D888-4AC3-B0B1-42BEFCFFB3D0}.AppStore|Android.ActiveCfg = AppStore|iPhone
		{B94526D9-D888-4AC3-B0B1-42BEFCFFB3D0}.AppStore|Any CPU.ActiveCfg = AppStore|iPhone
		{B94526D9-D888-4AC3-B0B1-42BEFCFFB3D0}.AppStore|ARM.ActiveCfg = AppStore|iPhone
		{B94526D9-D888-4AC3-B0B1-42BEFCFFB3D0}.AppStore|iOS.ActiveCfg = AppStore|iPhone
		{B94526D9-D888-4AC3-B0B1-42BEFCFFB3D0}.AppStore|iPhone.ActiveCfg = AppStore|iPhone
		{B94526D9-D888-4AC3-B0B1-42BEFCFFB3D0}.AppStore|iPhone.Build.0 = AppStore|iPhone
		{B94526D9-D888-4AC3-B0B1-42BEFCFFB3D0}.AppStore|iPhoneSimulator.ActiveCfg = AppStore|iPhoneSimulator
		{B94526D9-D888-4AC3-B0B1-42BEFCFFB3D0}.AppStore|iPhoneSimulator.Build.0 = AppStore|iPhoneSimulator
		{B94526D9-D888-4AC3-B0B1-42BEFCFFB3D0}.AppStore|Windows Phone (Universal).ActiveCfg = AppStore|iPhone
		{B94526D9-D888-4AC3-B0B1-42BEFCFFB3D0}.AppStore|Windows Phone 8.ActiveCfg = AppStore|iPhone
		{B94526D9-D888-4AC3-B0B1-42BEFCFFB3D0}.AppStore|Windows-AnyCPU.ActiveCfg = AppStore|iPhone
		{B94526D9-D888-4AC3-B0B1-42BEFCFFB3D0}.AppStore|Windows-ARM.ActiveCfg = AppStore|iPhone
		{B94526D9-D888-4AC3-B0B1-42BEFCFFB3D0}.AppStore|Windows-x64.ActiveCfg = AppStore|iPhone
		{B94526D9-D888-4AC3-B0B1-42BEFCFFB3D0}.AppStore|Windows-x86.ActiveCfg = AppStore|iPhone
		{B94526D9-D888-4AC3-B0B1-42BEFCFFB3D0}.AppStore|x64.ActiveCfg = AppStore|iPhone
		{B94526D9-D888-4AC3-B0B1-42BEFCFFB3D0}.AppStore|x86.ActiveCfg = AppStore|iPhone
		{B94526D9-D888-4AC3-B0B1-42BEFCFFB3D0}.Debug|Android.ActiveCfg = Debug|iPhone
		{B94526D9-D888-4AC3-B0B1-42BEFCFFB3D0}.Debug|Any CPU.ActiveCfg = Debug|iPhone
		{B94526D9-D888-4AC3-B0B1-42BEFCFFB3D0}.Debug|ARM.ActiveCfg = Debug|iPhone
		{B94526D9-D888-4AC3-B0B1-42BEFCFFB3D0}.Debug|iOS.ActiveCfg = Debug|iPhone
		{B94526D9-D888-4AC3-B0B1-42BEFCFFB3D0}.Debug|iPhone.ActiveCfg = Debug|iPhone
		{B94526D9-D888-4AC3-B0B1-42BEFCFFB3D0}.Debug|iPhone.Build.0 = Debug|iPhone
		{B94526D9-D888-4AC3-B0B1-42BEFCFFB3D0}.Debug|iPhoneSimulator.ActiveCfg = Debug|iPhoneSimulator
		{B94526D9-D888-4AC3-B0B1-42BEFCFFB3D0}.Debug|iPhoneSimulator.Build.0 = Debug|iPhoneSimulator
		{B94526D9-D888-4AC3-B0B1-42BEFCFFB3D0}.Debug|iPhoneSimulator.Deploy.0 = Debug|iPhoneSimulator
		{B94526D9-D888-4AC3-B0B1-42BEFCFFB3D0}.Debug|Windows Phone (Universal).ActiveCfg = Debug|iPhone
		{B94526D9-D888-4AC3-B0B1-42BEFCFFB3D0}.Debug|Windows Phone 8.ActiveCfg = Debug|iPhone
		{B94526D9-D888-4AC3-B0B1-42BEFCFFB3D0}.Debug|Windows-AnyCPU.ActiveCfg = Debug|iPhone
		{B94526D9-D888-4AC3-B0B1-42BEFCFFB3D0}.Debug|Windows-ARM.ActiveCfg = Debug|iPhone
		{B94526D9-D888-4AC3-B0B1-42BEFCFFB3D0}.Debug|Windows-x64.ActiveCfg = Debug|iPhone
		{B94526D9-D888-4AC3-B0B1-42BEFCFFB3D0}.Debug|Windows-x86.ActiveCfg = Debug|iPhone
		{B94526D9-D888-4AC3-B0B1-42BEFCFFB3D0}.Debug|x64.ActiveCfg = Debug|iPhone
		{B94526D9-D888-4AC3-B0B1-42BEFCFFB3D0}.Debug|x86.ActiveCfg = Debug|iPhone
		{B94526D9-D888-4AC3-B0B1-42BEFCFFB3D0}.Release|Android.ActiveCfg = Release|iPhone
		{B94526D9-D888-4AC3-B0B1-42BEFCFFB3D0}.Release|Any CPU.ActiveCfg = Release|iPhone
		{B94526D9-D888-4AC3-B0B1-42BEFCFFB3D0}.Release|ARM.ActiveCfg = Release|iPhone
		{B94526D9-D888-4AC3-B0B1-42BEFCFFB3D0}.Release|iOS.ActiveCfg = Release|iPhone
		{B94526D9-D888-4AC3-B0B1-42BEFCFFB3D0}.Release|iPhone.ActiveCfg = Release|iPhone
		{B94526D9-D888-4AC3-B0B1-42BEFCFFB3D0}.Release|iPhone.Build.0 = Release|iPhone
		{B94526D9-D888-4AC3-B0B1-42BEFCFFB3D0}.Release|iPhoneSimulator.ActiveCfg = Release|iPhoneSimulator
		{B94526D9-D888-4AC3-B0B1-42BEFCFFB3D0}.Release|iPhoneSimulator.Build.0 = Release|iPhoneSimulator
		{B94526D9-D888-4AC3-B0B1-42BEFCFFB3D0}.Release|Windows Phone (Universal).ActiveCfg = Release|iPhone
		{B94526D9-D888-4AC3-B0B1-42BEFCFFB3D0}.Release|Windows Phone 8.ActiveCfg = Release|iPhone
		{B94526D9-D888-4AC3-B0B1-42BEFCFFB3D0}.Release|Windows-AnyCPU.ActiveCfg = Release|iPhone
		{B94526D9-D888-4AC3-B0B1-42BEFCFFB3D0}.Release|Windows-ARM.ActiveCfg = Release|iPhone
		{B94526D9-D888-4AC3-B0B1-42BEFCFFB3D0}.Release|Windows-x64.ActiveCfg = Release|iPhone
		{B94526D9-D888-4AC3-B0B1-42BEFCFFB3D0}.Release|Windows-x86.ActiveCfg = Release|iPhone
		{B94526D9-D888-4AC3-B0B1-42BEFCFFB3D0}.Release|x64.ActiveCfg = Release|iPhone
		{B94526D9-D888-4AC3-B0B1-42BEFCFFB3D0}.Release|x86.ActiveCfg = Release|iPhone
		{22E70F9A-CCE4-48AB-BAA9-067CA6FEA4C4}.Ad-Hoc|Android.ActiveCfg = Release|x86
		{22E70F9A-CCE4-48AB-BAA9-067CA6FEA4C4}.Ad-Hoc|Android.Build.0 = Release|x86
		{22E70F9A-CCE4-48AB-BAA9-067CA6FEA4C4}.Ad-Hoc|Android.Deploy.0 = Release|x86
		{22E70F9A-CCE4-48AB-BAA9-067CA6FEA4C4}.Ad-Hoc|Any CPU.ActiveCfg = Release|x86
		{22E70F9A-CCE4-48AB-BAA9-067CA6FEA4C4}.Ad-Hoc|Any CPU.Build.0 = Release|x86
		{22E70F9A-CCE4-48AB-BAA9-067CA6FEA4C4}.Ad-Hoc|Any CPU.Deploy.0 = Release|x86
		{22E70F9A-CCE4-48AB-BAA9-067CA6FEA4C4}.Ad-Hoc|ARM.ActiveCfg = Release|ARM
		{22E70F9A-CCE4-48AB-BAA9-067CA6FEA4C4}.Ad-Hoc|ARM.Build.0 = Release|ARM
		{22E70F9A-CCE4-48AB-BAA9-067CA6FEA4C4}.Ad-Hoc|ARM.Deploy.0 = Release|ARM
		{22E70F9A-CCE4-48AB-BAA9-067CA6FEA4C4}.Ad-Hoc|iOS.ActiveCfg = Release|x86
		{22E70F9A-CCE4-48AB-BAA9-067CA6FEA4C4}.Ad-Hoc|iOS.Build.0 = Release|x86
		{22E70F9A-CCE4-48AB-BAA9-067CA6FEA4C4}.Ad-Hoc|iOS.Deploy.0 = Release|x86
		{22E70F9A-CCE4-48AB-BAA9-067CA6FEA4C4}.Ad-Hoc|iPhone.ActiveCfg = Release|x86
		{22E70F9A-CCE4-48AB-BAA9-067CA6FEA4C4}.Ad-Hoc|iPhone.Build.0 = Release|x86
		{22E70F9A-CCE4-48AB-BAA9-067CA6FEA4C4}.Ad-Hoc|iPhone.Deploy.0 = Release|x86
		{22E70F9A-CCE4-48AB-BAA9-067CA6FEA4C4}.Ad-Hoc|iPhoneSimulator.ActiveCfg = Release|x86
		{22E70F9A-CCE4-48AB-BAA9-067CA6FEA4C4}.Ad-Hoc|iPhoneSimulator.Build.0 = Release|x86
		{22E70F9A-CCE4-48AB-BAA9-067CA6FEA4C4}.Ad-Hoc|iPhoneSimulator.Deploy.0 = Release|x86
		{22E70F9A-CCE4-48AB-BAA9-067CA6FEA4C4}.Ad-Hoc|Windows Phone (Universal).ActiveCfg = Release|x86
		{22E70F9A-CCE4-48AB-BAA9-067CA6FEA4C4}.Ad-Hoc|Windows Phone (Universal).Build.0 = Release|x86
		{22E70F9A-CCE4-48AB-BAA9-067CA6FEA4C4}.Ad-Hoc|Windows Phone (Universal).Deploy.0 = Release|x86
		{22E70F9A-CCE4-48AB-BAA9-067CA6FEA4C4}.Ad-Hoc|Windows Phone 8.ActiveCfg = Release|x86
		{22E70F9A-CCE4-48AB-BAA9-067CA6FEA4C4}.Ad-Hoc|Windows Phone 8.Build.0 = Release|x86
		{22E70F9A-CCE4-48AB-BAA9-067CA6FEA4C4}.Ad-Hoc|Windows Phone 8.Deploy.0 = Release|x86
		{22E70F9A-CCE4-48AB-BAA9-067CA6FEA4C4}.Ad-Hoc|Windows-AnyCPU.ActiveCfg = Release|x86
		{22E70F9A-CCE4-48AB-BAA9-067CA6FEA4C4}.Ad-Hoc|Windows-AnyCPU.Build.0 = Release|x86
		{22E70F9A-CCE4-48AB-BAA9-067CA6FEA4C4}.Ad-Hoc|Windows-AnyCPU.Deploy.0 = Release|x86
		{22E70F9A-CCE4-48AB-BAA9-067CA6FEA4C4}.Ad-Hoc|Windows-ARM.ActiveCfg = Release|x86
		{22E70F9A-CCE4-48AB-BAA9-067CA6FEA4C4}.Ad-Hoc|Windows-ARM.Build.0 = Release|x86
		{22E70F9A-CCE4-48AB-BAA9-067CA6FEA4C4}.Ad-Hoc|Windows-ARM.Deploy.0 = Release|x86
		{22E70F9A-CCE4-48AB-BAA9-067CA6FEA4C4}.Ad-Hoc|Windows-x64.ActiveCfg = Release|x86
		{22E70F9A-CCE4-48AB-BAA9-067CA6FEA4C4}.Ad-Hoc|Windows-x64.Build.0 = Release|x86
		{22E70F9A-CCE4-48AB-BAA9-067CA6FEA4C4}.Ad-Hoc|Windows-x64.Deploy.0 = Release|x86
		{22E70F9A-CCE4-48AB-BAA9-067CA6FEA4C4}.Ad-Hoc|Windows-x86.ActiveCfg = Release|x86
		{22E70F9A-CCE4-48AB-BAA9-067CA6FEA4C4}.Ad-Hoc|Windows-x86.Build.0 = Release|x86
		{22E70F9A-CCE4-48AB-BAA9-067CA6FEA4C4}.Ad-Hoc|Windows-x86.Deploy.0 = Release|x86
		{22E70F9A-CCE4-48AB-BAA9-067CA6FEA4C4}.Ad-Hoc|x64.ActiveCfg = Release|x64
		{22E70F9A-CCE4-48AB-BAA9-067CA6FEA4C4}.Ad-Hoc|x64.Build.0 = Release|x64
		{22E70F9A-CCE4-48AB-BAA9-067CA6FEA4C4}.Ad-Hoc|x64.Deploy.0 = Release|x64
		{22E70F9A-CCE4-48AB-BAA9-067CA6FEA4C4}.Ad-Hoc|x86.ActiveCfg = Release|x86
		{22E70F9A-CCE4-48AB-BAA9-067CA6FEA4C4}.Ad-Hoc|x86.Build.0 = Release|x86
		{22E70F9A-CCE4-48AB-BAA9-067CA6FEA4C4}.Ad-Hoc|x86.Deploy.0 = Release|x86
		{22E70F9A-CCE4-48AB-BAA9-067CA6FEA4C4}.AppStore|Android.ActiveCfg = Release|x86
		{22E70F9A-CCE4-48AB-BAA9-067CA6FEA4C4}.AppStore|Android.Build.0 = Release|x86
		{22E70F9A-CCE4-48AB-BAA9-067CA6FEA4C4}.AppStore|Android.Deploy.0 = Release|x86
		{22E70F9A-CCE4-48AB-BAA9-067CA6FEA4C4}.AppStore|Any CPU.ActiveCfg = Release|x86
		{22E70F9A-CCE4-48AB-BAA9-067CA6FEA4C4}.AppStore|Any CPU.Build.0 = Release|x86
		{22E70F9A-CCE4-48AB-BAA9-067CA6FEA4C4}.AppStore|Any CPU.Deploy.0 = Release|x86
		{22E70F9A-CCE4-48AB-BAA9-067CA6FEA4C4}.AppStore|ARM.ActiveCfg = Release|ARM
		{22E70F9A-CCE4-48AB-BAA9-067CA6FEA4C4}.AppStore|ARM.Build.0 = Release|ARM
		{22E70F9A-CCE4-48AB-BAA9-067CA6FEA4C4}.AppStore|ARM.Deploy.0 = Release|ARM
		{22E70F9A-CCE4-48AB-BAA9-067CA6FEA4C4}.AppStore|iOS.ActiveCfg = Release|x86
		{22E70F9A-CCE4-48AB-BAA9-067CA6FEA4C4}.AppStore|iOS.Build.0 = Release|x86
		{22E70F9A-CCE4-48AB-BAA9-067CA6FEA4C4}.AppStore|iOS.Deploy.0 = Release|x86
		{22E70F9A-CCE4-48AB-BAA9-067CA6FEA4C4}.AppStore|iPhone.ActiveCfg = Release|x86
		{22E70F9A-CCE4-48AB-BAA9-067CA6FEA4C4}.AppStore|iPhone.Build.0 = Release|x86
		{22E70F9A-CCE4-48AB-BAA9-067CA6FEA4C4}.AppStore|iPhone.Deploy.0 = Release|x86
		{22E70F9A-CCE4-48AB-BAA9-067CA6FEA4C4}.AppStore|iPhoneSimulator.ActiveCfg = Release|x86
		{22E70F9A-CCE4-48AB-BAA9-067CA6FEA4C4}.AppStore|iPhoneSimulator.Build.0 = Release|x86
		{22E70F9A-CCE4-48AB-BAA9-067CA6FEA4C4}.AppStore|iPhoneSimulator.Deploy.0 = Release|x86
		{22E70F9A-CCE4-48AB-BAA9-067CA6FEA4C4}.AppStore|Windows Phone (Universal).ActiveCfg = Release|x86
		{22E70F9A-CCE4-48AB-BAA9-067CA6FEA4C4}.AppStore|Windows Phone (Universal).Build.0 = Release|x86
		{22E70F9A-CCE4-48AB-BAA9-067CA6FEA4C4}.AppStore|Windows Phone (Universal).Deploy.0 = Release|x86
		{22E70F9A-CCE4-48AB-BAA9-067CA6FEA4C4}.AppStore|Windows Phone 8.ActiveCfg = Release|x86
		{22E70F9A-CCE4-48AB-BAA9-067CA6FEA4C4}.AppStore|Windows Phone 8.Build.0 = Release|x86
		{22E70F9A-CCE4-48AB-BAA9-067CA6FEA4C4}.AppStore|Windows Phone 8.Deploy.0 = Release|x86
		{22E70F9A-CCE4-48AB-BAA9-067CA6FEA4C4}.AppStore|Windows-AnyCPU.ActiveCfg = Release|x86
		{22E70F9A-CCE4-48AB-BAA9-067CA6FEA4C4}.AppStore|Windows-AnyCPU.Build.0 = Release|x86
		{22E70F9A-CCE4-48AB-BAA9-067CA6FEA4C4}.AppStore|Windows-AnyCPU.Deploy.0 = Release|x86
		{22E70F9A-CCE4-48AB-BAA9-067CA6FEA4C4}.AppStore|Windows-ARM.ActiveCfg = Release|x86
		{22E70F9A-CCE4-48AB-BAA9-067CA6FEA4C4}.AppStore|Windows-ARM.Build.0 = Release|x86
		{22E70F9A-CCE4-48AB-BAA9-067CA6FEA4C4}.AppStore|Windows-ARM.Deploy.0 = Release|x86
		{22E70F9A-CCE4-48AB-BAA9-067CA6FEA4C4}.AppStore|Windows-x64.ActiveCfg = Release|x86
		{22E70F9A-CCE4-48AB-BAA9-067CA6FEA4C4}.AppStore|Windows-x64.Build.0 = Release|x86
		{22E70F9A-CCE4-48AB-BAA9-067CA6FEA4C4}.AppStore|Windows-x64.Deploy.0 = Release|x86
		{22E70F9A-CCE4-48AB-BAA9-067CA6FEA4C4}.AppStore|Windows-x86.ActiveCfg = Release|x86
		{22E70F9A-CCE4-48AB-BAA9-067CA6FEA4C4}.AppStore|Windows-x86.Build.0 = Release|x86
		{22E70F9A-CCE4-48AB-BAA9-067CA6FEA4C4}.AppStore|Windows-x86.Deploy.0 = Release|x86
		{22E70F9A-CCE4-48AB-BAA9-067CA6FEA4C4}.AppStore|x64.ActiveCfg = Release|x64
		{22E70F9A-CCE4-48AB-BAA9-067CA6FEA4C4}.AppStore|x64.Build.0 = Release|x64
		{22E70F9A-CCE4-48AB-BAA9-067CA6FEA4C4}.AppStore|x64.Deploy.0 = Release|x64
		{22E70F9A-CCE4-48AB-BAA9-067CA6FEA4C4}.AppStore|x86.ActiveCfg = Release|x86
		{22E70F9A-CCE4-48AB-BAA9-067CA6FEA4C4}.AppStore|x86.Build.0 = Release|x86
		{22E70F9A-CCE4-48AB-BAA9-067CA6FEA4C4}.AppStore|x86.Deploy.0 = Release|x86
		{22E70F9A-CCE4-48AB-BAA9-067CA6FEA4C4}.Debug|Android.ActiveCfg = Debug|x86
		{22E70F9A-CCE4-48AB-BAA9-067CA6FEA4C4}.Debug|Any CPU.ActiveCfg = Debug|x86
		{22E70F9A-CCE4-48AB-BAA9-067CA6FEA4C4}.Debug|Any CPU.Build.0 = Debug|x86
		{22E70F9A-CCE4-48AB-BAA9-067CA6FEA4C4}.Debug|Any CPU.Deploy.0 = Debug|x86
		{22E70F9A-CCE4-48AB-BAA9-067CA6FEA4C4}.Debug|ARM.ActiveCfg = Debug|ARM
		{22E70F9A-CCE4-48AB-BAA9-067CA6FEA4C4}.Debug|ARM.Build.0 = Debug|ARM
		{22E70F9A-CCE4-48AB-BAA9-067CA6FEA4C4}.Debug|ARM.Deploy.0 = Debug|ARM
		{22E70F9A-CCE4-48AB-BAA9-067CA6FEA4C4}.Debug|iOS.ActiveCfg = Debug|x86
		{22E70F9A-CCE4-48AB-BAA9-067CA6FEA4C4}.Debug|iPhone.ActiveCfg = Debug|x86
		{22E70F9A-CCE4-48AB-BAA9-067CA6FEA4C4}.Debug|iPhoneSimulator.ActiveCfg = Debug|x86
		{22E70F9A-CCE4-48AB-BAA9-067CA6FEA4C4}.Debug|iPhoneSimulator.Build.0 = Debug|x86
		{22E70F9A-CCE4-48AB-BAA9-067CA6FEA4C4}.Debug|iPhoneSimulator.Deploy.0 = Debug|x86
		{22E70F9A-CCE4-48AB-BAA9-067CA6FEA4C4}.Debug|Windows Phone (Universal).ActiveCfg = Debug|x86
		{22E70F9A-CCE4-48AB-BAA9-067CA6FEA4C4}.Debug|Windows Phone 8.ActiveCfg = Debug|x86
		{22E70F9A-CCE4-48AB-BAA9-067CA6FEA4C4}.Debug|Windows-AnyCPU.ActiveCfg = Debug|x86
		{22E70F9A-CCE4-48AB-BAA9-067CA6FEA4C4}.Debug|Windows-ARM.ActiveCfg = Debug|x86
		{22E70F9A-CCE4-48AB-BAA9-067CA6FEA4C4}.Debug|Windows-x64.ActiveCfg = Debug|x86
		{22E70F9A-CCE4-48AB-BAA9-067CA6FEA4C4}.Debug|Windows-x86.ActiveCfg = Debug|x86
		{22E70F9A-CCE4-48AB-BAA9-067CA6FEA4C4}.Debug|x64.ActiveCfg = Debug|x64
		{22E70F9A-CCE4-48AB-BAA9-067CA6FEA4C4}.Debug|x64.Build.0 = Debug|x64
		{22E70F9A-CCE4-48AB-BAA9-067CA6FEA4C4}.Debug|x64.Deploy.0 = Debug|x64
		{22E70F9A-CCE4-48AB-BAA9-067CA6FEA4C4}.Debug|x86.ActiveCfg = Debug|x86
		{22E70F9A-CCE4-48AB-BAA9-067CA6FEA4C4}.Debug|x86.Build.0 = Debug|x86
		{22E70F9A-CCE4-48AB-BAA9-067CA6FEA4C4}.Debug|x86.Deploy.0 = Debug|x86
		{22E70F9A-CCE4-48AB-BAA9-067CA6FEA4C4}.Release|Android.ActiveCfg = Release|x86
		{22E70F9A-CCE4-48AB-BAA9-067CA6FEA4C4}.Release|Any CPU.ActiveCfg = Release|x86
		{22E70F9A-CCE4-48AB-BAA9-067CA6FEA4C4}.Release|ARM.ActiveCfg = Release|ARM
		{22E70F9A-CCE4-48AB-BAA9-067CA6FEA4C4}.Release|ARM.Build.0 = Release|ARM
		{22E70F9A-CCE4-48AB-BAA9-067CA6FEA4C4}.Release|ARM.Deploy.0 = Release|ARM
		{22E70F9A-CCE4-48AB-BAA9-067CA6FEA4C4}.Release|iOS.ActiveCfg = Release|x86
		{22E70F9A-CCE4-48AB-BAA9-067CA6FEA4C4}.Release|iPhone.ActiveCfg = Release|x86
		{22E70F9A-CCE4-48AB-BAA9-067CA6FEA4C4}.Release|iPhoneSimulator.ActiveCfg = Release|x86
		{22E70F9A-CCE4-48AB-BAA9-067CA6FEA4C4}.Release|Windows Phone (Universal).ActiveCfg = Release|x86
		{22E70F9A-CCE4-48AB-BAA9-067CA6FEA4C4}.Release|Windows Phone 8.ActiveCfg = Release|x86
		{22E70F9A-CCE4-48AB-BAA9-067CA6FEA4C4}.Release|Windows-AnyCPU.ActiveCfg = Release|x86
		{22E70F9A-CCE4-48AB-BAA9-067CA6FEA4C4}.Release|Windows-ARM.ActiveCfg = Release|x86
		{22E70F9A-CCE4-48AB-BAA9-067CA6FEA4C4}.Release|Windows-x64.ActiveCfg = Release|x86
		{22E70F9A-CCE4-48AB-BAA9-067CA6FEA4C4}.Release|Windows-x86.ActiveCfg = Release|x86
		{22E70F9A-CCE4-48AB-BAA9-067CA6FEA4C4}.Release|x64.ActiveCfg = Release|x64
		{22E70F9A-CCE4-48AB-BAA9-067CA6FEA4C4}.Release|x64.Build.0 = Release|x64
		{22E70F9A-CCE4-48AB-BAA9-067CA6FEA4C4}.Release|x64.Deploy.0 = Release|x64
		{22E70F9A-CCE4-48AB-BAA9-067CA6FEA4C4}.Release|x86.ActiveCfg = Release|x86
		{22E70F9A-CCE4-48AB-BAA9-067CA6FEA4C4}.Release|x86.Build.0 = Release|x86
		{22E70F9A-CCE4-48AB-BAA9-067CA6FEA4C4}.Release|x86.Deploy.0 = Release|x86
	EndGlobalSection
	GlobalSection(SolutionProperties) = preSolution
		HideSolutionNode = FALSE
	EndGlobalSection
	GlobalSection(NestedProjects) = preSolution
		{ED1C0B2B-7A9F-4DBF-937F-F3CCC2CF7362} = {33E81539-C975-4E8A-85D0-490EE2FBB00A}
		{CA13FBEA-3268-45DB-B62E-D09FF2E8BDA7} = {33E81539-C975-4E8A-85D0-490EE2FBB00A}
		{F02E09D7-D893-4EA9-BB05-42C7EF2D4B22} = {33E81539-C975-4E8A-85D0-490EE2FBB00A}
		{77A49A0C-C993-49A1-BECC-FCC0207D3D6D} = {FD38F902-22C0-4911-B14C-DF372E0597EE}
		{C4A17398-FD28-49B3-AD34-926E0E86E1B2} = {33E81539-C975-4E8A-85D0-490EE2FBB00A}
		{897321DF-3640-4C7A-B0D6-BE49C3FF4065} = {33E81539-C975-4E8A-85D0-490EE2FBB00A}
		{125E4531-D997-4106-8515-C7A344982DB7} = {33E81539-C975-4E8A-85D0-490EE2FBB00A}
		{B94526D9-D888-4AC3-B0B1-42BEFCFFB3D0} = {33E81539-C975-4E8A-85D0-490EE2FBB00A}
		{22E70F9A-CCE4-48AB-BAA9-067CA6FEA4C4} = {33E81539-C975-4E8A-85D0-490EE2FBB00A}
	EndGlobalSection
EndGlobal
