
Microsoft Visual Studio Solution File, Format Version 12.00
# Visual Studio 14
VisualStudioVersion = 14.0.25420.1
MinimumVisualStudioVersion = 10.0.40219.1
Project("{8BB2217D-0F2D-49D1-97BC-3654ED321F3B}") = "SkiResort.Infrastructure", "src\SkiResort.Infrastructure\SkiResort.Infrastructure.xproj", "{ED1C0B2B-7A9F-4DBF-937F-F3CCC2CF7362}"
EndProject
Project("{2150E333-8FDC-42A3-9474-1A3956D46DE8}") = "src", "src", "{33E81539-C975-4E8A-85D0-490EE2FBB00A}"
EndProject
Project("{2150E333-8FDC-42A3-9474-1A3956D46DE8}") = "Solution Items", "Solution Items", "{E429821A-7CAA-4593-87D0-44A6502C675D}"
	ProjectSection(SolutionItems) = preProject
		global.json = global.json
		demo\RentalDemandExperiments.r = demo\RentalDemandExperiments.r
	EndProjectSection
EndProject
Project("{8BB2217D-0F2D-49D1-97BC-3654ED321F3B}") = "SkiResort.API", "src\SkiResort.API\SkiResort.API.xproj", "{CA13FBEA-3268-45DB-B62E-D09FF2E8BDA7}"
EndProject
Project("{8BB2217D-0F2D-49D1-97BC-3654ED321F3B}") = "SkiResort.Web", "src\SkiResort.Web\SkiResort.Web.xproj", "{F02E09D7-D893-4EA9-BB05-42C7EF2D4B22}"
EndProject
Project("{2150E333-8FDC-42A3-9474-1A3956D46DE8}") = "deployment", "deployment", "{FD38F902-22C0-4911-B14C-DF372E0597EE}"
EndProject
Project("{151D2E53-A2C4-4D7D-83FE-D05416EBD58E}") = "SkiResort.Deploy", "deploy\SkiResort.Deploy.deployproj", "{77A49A0C-C993-49A1-BECC-FCC0207D3D6D}"
EndProject
Project("{2150E333-8FDC-42A3-9474-1A3956D46DE8}") = "demo", "demo", "{78802279-E957-4D6E-9831-783E9CE7B704}"
	ProjectSection(SolutionItems) = preProject
		demo\RentalDemandExperiments.r = demo\RentalDemandExperiments.r
	EndProjectSection
EndProject
Project("{262852C6-CD72-467D-83FE-5EEB1973A190}") = "SkiResort.Mobile", "src\SkiResort.Mobile\SkiResort.Mobile.jsproj", "{C4A17398-FD28-49B3-AD34-926E0E86E1B2}"
EndProject
Global
	GlobalSection(SolutionConfigurationPlatforms) = preSolution
		Debug|Android = Debug|Android
		Debug|Any CPU = Debug|Any CPU
		Debug|iOS = Debug|iOS
		Debug|Windows Phone (Universal) = Debug|Windows Phone (Universal)
		Debug|Windows Phone 8 = Debug|Windows Phone 8
		Debug|Windows-AnyCPU = Debug|Windows-AnyCPU
		Debug|Windows-ARM = Debug|Windows-ARM
		Debug|Windows-x64 = Debug|Windows-x64
		Debug|Windows-x86 = Debug|Windows-x86
		Release|Android = Release|Android
		Release|Any CPU = Release|Any CPU
		Release|iOS = Release|iOS
		Release|Windows Phone (Universal) = Release|Windows Phone (Universal)
		Release|Windows Phone 8 = Release|Windows Phone 8
		Release|Windows-AnyCPU = Release|Windows-AnyCPU
		Release|Windows-ARM = Release|Windows-ARM
		Release|Windows-x64 = Release|Windows-x64
		Release|Windows-x86 = Release|Windows-x86
	EndGlobalSection
	GlobalSection(ProjectConfigurationPlatforms) = postSolution
		{ED1C0B2B-7A9F-4DBF-937F-F3CCC2CF7362}.Debug|Android.ActiveCfg = Debug|Any CPU
		{ED1C0B2B-7A9F-4DBF-937F-F3CCC2CF7362}.Debug|Android.Build.0 = Debug|Any CPU
		{ED1C0B2B-7A9F-4DBF-937F-F3CCC2CF7362}.Debug|Any CPU.ActiveCfg = Debug|Any CPU
		{ED1C0B2B-7A9F-4DBF-937F-F3CCC2CF7362}.Debug|Any CPU.Build.0 = Debug|Any CPU
		{ED1C0B2B-7A9F-4DBF-937F-F3CCC2CF7362}.Debug|iOS.ActiveCfg = Debug|Any CPU
		{ED1C0B2B-7A9F-4DBF-937F-F3CCC2CF7362}.Debug|iOS.Build.0 = Debug|Any CPU
		{ED1C0B2B-7A9F-4DBF-937F-F3CCC2CF7362}.Debug|Windows Phone (Universal).ActiveCfg = Debug|Any CPU
		{ED1C0B2B-7A9F-4DBF-937F-F3CCC2CF7362}.Debug|Windows Phone (Universal).Build.0 = Debug|Any CPU
		{ED1C0B2B-7A9F-4DBF-937F-F3CCC2CF7362}.Debug|Windows Phone 8.ActiveCfg = Debug|Any CPU
		{ED1C0B2B-7A9F-4DBF-937F-F3CCC2CF7362}.Debug|Windows Phone 8.Build.0 = Debug|Any CPU
		{ED1C0B2B-7A9F-4DBF-937F-F3CCC2CF7362}.Debug|Windows-AnyCPU.ActiveCfg = Debug|Any CPU
		{ED1C0B2B-7A9F-4DBF-937F-F3CCC2CF7362}.Debug|Windows-AnyCPU.Build.0 = Debug|Any CPU
		{ED1C0B2B-7A9F-4DBF-937F-F3CCC2CF7362}.Debug|Windows-ARM.ActiveCfg = Debug|Any CPU
		{ED1C0B2B-7A9F-4DBF-937F-F3CCC2CF7362}.Debug|Windows-ARM.Build.0 = Debug|Any CPU
		{ED1C0B2B-7A9F-4DBF-937F-F3CCC2CF7362}.Debug|Windows-x64.ActiveCfg = Debug|Any CPU
		{ED1C0B2B-7A9F-4DBF-937F-F3CCC2CF7362}.Debug|Windows-x64.Build.0 = Debug|Any CPU
		{ED1C0B2B-7A9F-4DBF-937F-F3CCC2CF7362}.Debug|Windows-x86.ActiveCfg = Debug|Any CPU
		{ED1C0B2B-7A9F-4DBF-937F-F3CCC2CF7362}.Debug|Windows-x86.Build.0 = Debug|Any CPU
		{ED1C0B2B-7A9F-4DBF-937F-F3CCC2CF7362}.Release|Android.ActiveCfg = Release|Any CPU
		{ED1C0B2B-7A9F-4DBF-937F-F3CCC2CF7362}.Release|Android.Build.0 = Release|Any CPU
		{ED1C0B2B-7A9F-4DBF-937F-F3CCC2CF7362}.Release|Any CPU.ActiveCfg = Release|Any CPU
		{ED1C0B2B-7A9F-4DBF-937F-F3CCC2CF7362}.Release|Any CPU.Build.0 = Release|Any CPU
		{ED1C0B2B-7A9F-4DBF-937F-F3CCC2CF7362}.Release|iOS.ActiveCfg = Release|Any CPU
		{ED1C0B2B-7A9F-4DBF-937F-F3CCC2CF7362}.Release|iOS.Build.0 = Release|Any CPU
		{ED1C0B2B-7A9F-4DBF-937F-F3CCC2CF7362}.Release|Windows Phone (Universal).ActiveCfg = Release|Any CPU
		{ED1C0B2B-7A9F-4DBF-937F-F3CCC2CF7362}.Release|Windows Phone (Universal).Build.0 = Release|Any CPU
		{ED1C0B2B-7A9F-4DBF-937F-F3CCC2CF7362}.Release|Windows Phone 8.ActiveCfg = Release|Any CPU
		{ED1C0B2B-7A9F-4DBF-937F-F3CCC2CF7362}.Release|Windows Phone 8.Build.0 = Release|Any CPU
		{ED1C0B2B-7A9F-4DBF-937F-F3CCC2CF7362}.Release|Windows-AnyCPU.ActiveCfg = Release|Any CPU
		{ED1C0B2B-7A9F-4DBF-937F-F3CCC2CF7362}.Release|Windows-AnyCPU.Build.0 = Release|Any CPU
		{ED1C0B2B-7A9F-4DBF-937F-F3CCC2CF7362}.Release|Windows-ARM.ActiveCfg = Release|Any CPU
		{ED1C0B2B-7A9F-4DBF-937F-F3CCC2CF7362}.Release|Windows-ARM.Build.0 = Release|Any CPU
		{ED1C0B2B-7A9F-4DBF-937F-F3CCC2CF7362}.Release|Windows-x64.ActiveCfg = Release|Any CPU
		{ED1C0B2B-7A9F-4DBF-937F-F3CCC2CF7362}.Release|Windows-x64.Build.0 = Release|Any CPU
		{ED1C0B2B-7A9F-4DBF-937F-F3CCC2CF7362}.Release|Windows-x86.ActiveCfg = Release|Any CPU
		{ED1C0B2B-7A9F-4DBF-937F-F3CCC2CF7362}.Release|Windows-x86.Build.0 = Release|Any CPU
		{CA13FBEA-3268-45DB-B62E-D09FF2E8BDA7}.Debug|Android.ActiveCfg = Debug|Any CPU
		{CA13FBEA-3268-45DB-B62E-D09FF2E8BDA7}.Debug|Android.Build.0 = Debug|Any CPU
		{CA13FBEA-3268-45DB-B62E-D09FF2E8BDA7}.Debug|Any CPU.ActiveCfg = Debug|Any CPU
		{CA13FBEA-3268-45DB-B62E-D09FF2E8BDA7}.Debug|Any CPU.Build.0 = Debug|Any CPU
		{CA13FBEA-3268-45DB-B62E-D09FF2E8BDA7}.Debug|iOS.ActiveCfg = Debug|Any CPU
		{CA13FBEA-3268-45DB-B62E-D09FF2E8BDA7}.Debug|iOS.Build.0 = Debug|Any CPU
		{CA13FBEA-3268-45DB-B62E-D09FF2E8BDA7}.Debug|Windows Phone (Universal).ActiveCfg = Debug|Any CPU
		{CA13FBEA-3268-45DB-B62E-D09FF2E8BDA7}.Debug|Windows Phone (Universal).Build.0 = Debug|Any CPU
		{CA13FBEA-3268-45DB-B62E-D09FF2E8BDA7}.Debug|Windows Phone 8.ActiveCfg = Debug|Any CPU
		{CA13FBEA-3268-45DB-B62E-D09FF2E8BDA7}.Debug|Windows Phone 8.Build.0 = Debug|Any CPU
		{CA13FBEA-3268-45DB-B62E-D09FF2E8BDA7}.Debug|Windows-AnyCPU.ActiveCfg = Debug|Any CPU
		{CA13FBEA-3268-45DB-B62E-D09FF2E8BDA7}.Debug|Windows-AnyCPU.Build.0 = Debug|Any CPU
		{CA13FBEA-3268-45DB-B62E-D09FF2E8BDA7}.Debug|Windows-ARM.ActiveCfg = Debug|Any CPU
		{CA13FBEA-3268-45DB-B62E-D09FF2E8BDA7}.Debug|Windows-ARM.Build.0 = Debug|Any CPU
		{CA13FBEA-3268-45DB-B62E-D09FF2E8BDA7}.Debug|Windows-x64.ActiveCfg = Debug|Any CPU
		{CA13FBEA-3268-45DB-B62E-D09FF2E8BDA7}.Debug|Windows-x64.Build.0 = Debug|Any CPU
		{CA13FBEA-3268-45DB-B62E-D09FF2E8BDA7}.Debug|Windows-x86.ActiveCfg = Debug|Any CPU
		{CA13FBEA-3268-45DB-B62E-D09FF2E8BDA7}.Debug|Windows-x86.Build.0 = Debug|Any CPU
		{CA13FBEA-3268-45DB-B62E-D09FF2E8BDA7}.Release|Android.ActiveCfg = Release|Any CPU
		{CA13FBEA-3268-45DB-B62E-D09FF2E8BDA7}.Release|Android.Build.0 = Release|Any CPU
		{CA13FBEA-3268-45DB-B62E-D09FF2E8BDA7}.Release|Any CPU.ActiveCfg = Release|Any CPU
		{CA13FBEA-3268-45DB-B62E-D09FF2E8BDA7}.Release|Any CPU.Build.0 = Release|Any CPU
		{CA13FBEA-3268-45DB-B62E-D09FF2E8BDA7}.Release|iOS.ActiveCfg = Release|Any CPU
		{CA13FBEA-3268-45DB-B62E-D09FF2E8BDA7}.Release|iOS.Build.0 = Release|Any CPU
		{CA13FBEA-3268-45DB-B62E-D09FF2E8BDA7}.Release|Windows Phone (Universal).ActiveCfg = Release|Any CPU
		{CA13FBEA-3268-45DB-B62E-D09FF2E8BDA7}.Release|Windows Phone (Universal).Build.0 = Release|Any CPU
		{CA13FBEA-3268-45DB-B62E-D09FF2E8BDA7}.Release|Windows Phone 8.ActiveCfg = Release|Any CPU
		{CA13FBEA-3268-45DB-B62E-D09FF2E8BDA7}.Release|Windows Phone 8.Build.0 = Release|Any CPU
		{CA13FBEA-3268-45DB-B62E-D09FF2E8BDA7}.Release|Windows-AnyCPU.ActiveCfg = Release|Any CPU
		{CA13FBEA-3268-45DB-B62E-D09FF2E8BDA7}.Release|Windows-AnyCPU.Build.0 = Release|Any CPU
		{CA13FBEA-3268-45DB-B62E-D09FF2E8BDA7}.Release|Windows-ARM.ActiveCfg = Release|Any CPU
		{CA13FBEA-3268-45DB-B62E-D09FF2E8BDA7}.Release|Windows-ARM.Build.0 = Release|Any CPU
		{CA13FBEA-3268-45DB-B62E-D09FF2E8BDA7}.Release|Windows-x64.ActiveCfg = Release|Any CPU
		{CA13FBEA-3268-45DB-B62E-D09FF2E8BDA7}.Release|Windows-x64.Build.0 = Release|Any CPU
		{CA13FBEA-3268-45DB-B62E-D09FF2E8BDA7}.Release|Windows-x86.ActiveCfg = Release|Any CPU
		{CA13FBEA-3268-45DB-B62E-D09FF2E8BDA7}.Release|Windows-x86.Build.0 = Release|Any CPU
		{F02E09D7-D893-4EA9-BB05-42C7EF2D4B22}.Debug|Android.ActiveCfg = Debug|Any CPU
		{F02E09D7-D893-4EA9-BB05-42C7EF2D4B22}.Debug|Android.Build.0 = Debug|Any CPU
		{F02E09D7-D893-4EA9-BB05-42C7EF2D4B22}.Debug|Any CPU.ActiveCfg = Debug|Any CPU
		{F02E09D7-D893-4EA9-BB05-42C7EF2D4B22}.Debug|Any CPU.Build.0 = Debug|Any CPU
		{F02E09D7-D893-4EA9-BB05-42C7EF2D4B22}.Debug|iOS.ActiveCfg = Debug|Any CPU
		{F02E09D7-D893-4EA9-BB05-42C7EF2D4B22}.Debug|iOS.Build.0 = Debug|Any CPU
		{F02E09D7-D893-4EA9-BB05-42C7EF2D4B22}.Debug|Windows Phone (Universal).ActiveCfg = Debug|Any CPU
		{F02E09D7-D893-4EA9-BB05-42C7EF2D4B22}.Debug|Windows Phone (Universal).Build.0 = Debug|Any CPU
		{F02E09D7-D893-4EA9-BB05-42C7EF2D4B22}.Debug|Windows Phone 8.ActiveCfg = Debug|Any CPU
		{F02E09D7-D893-4EA9-BB05-42C7EF2D4B22}.Debug|Windows Phone 8.Build.0 = Debug|Any CPU
		{F02E09D7-D893-4EA9-BB05-42C7EF2D4B22}.Debug|Windows-AnyCPU.ActiveCfg = Debug|Any CPU
		{F02E09D7-D893-4EA9-BB05-42C7EF2D4B22}.Debug|Windows-AnyCPU.Build.0 = Debug|Any CPU
		{F02E09D7-D893-4EA9-BB05-42C7EF2D4B22}.Debug|Windows-ARM.ActiveCfg = Debug|Any CPU
		{F02E09D7-D893-4EA9-BB05-42C7EF2D4B22}.Debug|Windows-ARM.Build.0 = Debug|Any CPU
		{F02E09D7-D893-4EA9-BB05-42C7EF2D4B22}.Debug|Windows-x64.ActiveCfg = Debug|Any CPU
		{F02E09D7-D893-4EA9-BB05-42C7EF2D4B22}.Debug|Windows-x64.Build.0 = Debug|Any CPU
		{F02E09D7-D893-4EA9-BB05-42C7EF2D4B22}.Debug|Windows-x86.ActiveCfg = Debug|Any CPU
		{F02E09D7-D893-4EA9-BB05-42C7EF2D4B22}.Debug|Windows-x86.Build.0 = Debug|Any CPU
		{F02E09D7-D893-4EA9-BB05-42C7EF2D4B22}.Release|Android.ActiveCfg = Release|Any CPU
		{F02E09D7-D893-4EA9-BB05-42C7EF2D4B22}.Release|Android.Build.0 = Release|Any CPU
		{F02E09D7-D893-4EA9-BB05-42C7EF2D4B22}.Release|Any CPU.ActiveCfg = Release|Any CPU
		{F02E09D7-D893-4EA9-BB05-42C7EF2D4B22}.Release|Any CPU.Build.0 = Release|Any CPU
		{F02E09D7-D893-4EA9-BB05-42C7EF2D4B22}.Release|iOS.ActiveCfg = Release|Any CPU
		{F02E09D7-D893-4EA9-BB05-42C7EF2D4B22}.Release|iOS.Build.0 = Release|Any CPU
		{F02E09D7-D893-4EA9-BB05-42C7EF2D4B22}.Release|Windows Phone (Universal).ActiveCfg = Release|Any CPU
		{F02E09D7-D893-4EA9-BB05-42C7EF2D4B22}.Release|Windows Phone (Universal).Build.0 = Release|Any CPU
		{F02E09D7-D893-4EA9-BB05-42C7EF2D4B22}.Release|Windows Phone 8.ActiveCfg = Release|Any CPU
		{F02E09D7-D893-4EA9-BB05-42C7EF2D4B22}.Release|Windows Phone 8.Build.0 = Release|Any CPU
		{F02E09D7-D893-4EA9-BB05-42C7EF2D4B22}.Release|Windows-AnyCPU.ActiveCfg = Release|Any CPU
		{F02E09D7-D893-4EA9-BB05-42C7EF2D4B22}.Release|Windows-AnyCPU.Build.0 = Release|Any CPU
		{F02E09D7-D893-4EA9-BB05-42C7EF2D4B22}.Release|Windows-ARM.ActiveCfg = Release|Any CPU
		{F02E09D7-D893-4EA9-BB05-42C7EF2D4B22}.Release|Windows-ARM.Build.0 = Release|Any CPU
		{F02E09D7-D893-4EA9-BB05-42C7EF2D4B22}.Release|Windows-x64.ActiveCfg = Release|Any CPU
		{F02E09D7-D893-4EA9-BB05-42C7EF2D4B22}.Release|Windows-x64.Build.0 = Release|Any CPU
		{F02E09D7-D893-4EA9-BB05-42C7EF2D4B22}.Release|Windows-x86.ActiveCfg = Release|Any CPU
		{F02E09D7-D893-4EA9-BB05-42C7EF2D4B22}.Release|Windows-x86.Build.0 = Release|Any CPU
		{77A49A0C-C993-49A1-BECC-FCC0207D3D6D}.Debug|Android.ActiveCfg = Debug|Any CPU
		{77A49A0C-C993-49A1-BECC-FCC0207D3D6D}.Debug|Android.Build.0 = Debug|Any CPU
		{77A49A0C-C993-49A1-BECC-FCC0207D3D6D}.Debug|Any CPU.ActiveCfg = Debug|Any CPU
		{77A49A0C-C993-49A1-BECC-FCC0207D3D6D}.Debug|Any CPU.Build.0 = Debug|Any CPU
		{77A49A0C-C993-49A1-BECC-FCC0207D3D6D}.Debug|iOS.ActiveCfg = Debug|Any CPU
		{77A49A0C-C993-49A1-BECC-FCC0207D3D6D}.Debug|iOS.Build.0 = Debug|Any CPU
		{77A49A0C-C993-49A1-BECC-FCC0207D3D6D}.Debug|Windows Phone (Universal).ActiveCfg = Debug|Any CPU
		{77A49A0C-C993-49A1-BECC-FCC0207D3D6D}.Debug|Windows Phone (Universal).Build.0 = Debug|Any CPU
		{77A49A0C-C993-49A1-BECC-FCC0207D3D6D}.Debug|Windows Phone 8.ActiveCfg = Debug|Any CPU
		{77A49A0C-C993-49A1-BECC-FCC0207D3D6D}.Debug|Windows Phone 8.Build.0 = Debug|Any CPU
		{77A49A0C-C993-49A1-BECC-FCC0207D3D6D}.Debug|Windows-AnyCPU.ActiveCfg = Debug|Any CPU
		{77A49A0C-C993-49A1-BECC-FCC0207D3D6D}.Debug|Windows-AnyCPU.Build.0 = Debug|Any CPU
		{77A49A0C-C993-49A1-BECC-FCC0207D3D6D}.Debug|Windows-ARM.ActiveCfg = Debug|Any CPU
		{77A49A0C-C993-49A1-BECC-FCC0207D3D6D}.Debug|Windows-ARM.Build.0 = Debug|Any CPU
		{77A49A0C-C993-49A1-BECC-FCC0207D3D6D}.Debug|Windows-x64.ActiveCfg = Debug|Any CPU
		{77A49A0C-C993-49A1-BECC-FCC0207D3D6D}.Debug|Windows-x64.Build.0 = Debug|Any CPU
		{77A49A0C-C993-49A1-BECC-FCC0207D3D6D}.Debug|Windows-x86.ActiveCfg = Debug|Any CPU
		{77A49A0C-C993-49A1-BECC-FCC0207D3D6D}.Debug|Windows-x86.Build.0 = Debug|Any CPU
		{77A49A0C-C993-49A1-BECC-FCC0207D3D6D}.Release|Android.ActiveCfg = Release|Any CPU
		{77A49A0C-C993-49A1-BECC-FCC0207D3D6D}.Release|Android.Build.0 = Release|Any CPU
		{77A49A0C-C993-49A1-BECC-FCC0207D3D6D}.Release|Any CPU.ActiveCfg = Release|Any CPU
		{77A49A0C-C993-49A1-BECC-FCC0207D3D6D}.Release|Any CPU.Build.0 = Release|Any CPU
		{77A49A0C-C993-49A1-BECC-FCC0207D3D6D}.Release|iOS.ActiveCfg = Release|Any CPU
		{77A49A0C-C993-49A1-BECC-FCC0207D3D6D}.Release|iOS.Build.0 = Release|Any CPU
		{77A49A0C-C993-49A1-BECC-FCC0207D3D6D}.Release|Windows Phone (Universal).ActiveCfg = Release|Any CPU
		{77A49A0C-C993-49A1-BECC-FCC0207D3D6D}.Release|Windows Phone (Universal).Build.0 = Release|Any CPU
		{77A49A0C-C993-49A1-BECC-FCC0207D3D6D}.Release|Windows Phone 8.ActiveCfg = Release|Any CPU
		{77A49A0C-C993-49A1-BECC-FCC0207D3D6D}.Release|Windows Phone 8.Build.0 = Release|Any CPU
		{77A49A0C-C993-49A1-BECC-FCC0207D3D6D}.Release|Windows-AnyCPU.ActiveCfg = Release|Any CPU
		{77A49A0C-C993-49A1-BECC-FCC0207D3D6D}.Release|Windows-AnyCPU.Build.0 = Release|Any CPU
		{77A49A0C-C993-49A1-BECC-FCC0207D3D6D}.Release|Windows-ARM.ActiveCfg = Release|Any CPU
		{77A49A0C-C993-49A1-BECC-FCC0207D3D6D}.Release|Windows-ARM.Build.0 = Release|Any CPU
		{77A49A0C-C993-49A1-BECC-FCC0207D3D6D}.Release|Windows-x64.ActiveCfg = Release|Any CPU
		{77A49A0C-C993-49A1-BECC-FCC0207D3D6D}.Release|Windows-x64.Build.0 = Release|Any CPU
		{77A49A0C-C993-49A1-BECC-FCC0207D3D6D}.Release|Windows-x86.ActiveCfg = Release|Any CPU
		{77A49A0C-C993-49A1-BECC-FCC0207D3D6D}.Release|Windows-x86.Build.0 = Release|Any CPU
		{C4A17398-FD28-49B3-AD34-926E0E86E1B2}.Debug|Android.ActiveCfg = Debug|Android
		{C4A17398-FD28-49B3-AD34-926E0E86E1B2}.Debug|Android.Build.0 = Debug|Android
		{C4A17398-FD28-49B3-AD34-926E0E86E1B2}.Debug|Android.Deploy.0 = Debug|Android
		{C4A17398-FD28-49B3-AD34-926E0E86E1B2}.Debug|Any CPU.ActiveCfg = Debug|Android
		{C4A17398-FD28-49B3-AD34-926E0E86E1B2}.Debug|iOS.ActiveCfg = Debug|iOS
		{C4A17398-FD28-49B3-AD34-926E0E86E1B2}.Debug|iOS.Build.0 = Debug|iOS
		{C4A17398-FD28-49B3-AD34-926E0E86E1B2}.Debug|iOS.Deploy.0 = Debug|iOS
		{C4A17398-FD28-49B3-AD34-926E0E86E1B2}.Debug|Windows Phone (Universal).ActiveCfg = Debug|Windows Phone (Universal)
		{C4A17398-FD28-49B3-AD34-926E0E86E1B2}.Debug|Windows Phone (Universal).Build.0 = Debug|Windows Phone (Universal)
		{C4A17398-FD28-49B3-AD34-926E0E86E1B2}.Debug|Windows Phone (Universal).Deploy.0 = Debug|Windows Phone (Universal)
		{C4A17398-FD28-49B3-AD34-926E0E86E1B2}.Debug|Windows Phone 8.ActiveCfg = Debug|Windows Phone 8
		{C4A17398-FD28-49B3-AD34-926E0E86E1B2}.Debug|Windows Phone 8.Build.0 = Debug|Windows Phone 8
		{C4A17398-FD28-49B3-AD34-926E0E86E1B2}.Debug|Windows Phone 8.Deploy.0 = Debug|Windows Phone 8
		{C4A17398-FD28-49B3-AD34-926E0E86E1B2}.Debug|Windows-AnyCPU.ActiveCfg = Debug|Windows-AnyCPU
		{C4A17398-FD28-49B3-AD34-926E0E86E1B2}.Debug|Windows-AnyCPU.Build.0 = Debug|Windows-AnyCPU
		{C4A17398-FD28-49B3-AD34-926E0E86E1B2}.Debug|Windows-AnyCPU.Deploy.0 = Debug|Windows-AnyCPU
		{C4A17398-FD28-49B3-AD34-926E0E86E1B2}.Debug|Windows-ARM.ActiveCfg = Debug|Windows-ARM
		{C4A17398-FD28-49B3-AD34-926E0E86E1B2}.Debug|Windows-ARM.Build.0 = Debug|Windows-ARM
		{C4A17398-FD28-49B3-AD34-926E0E86E1B2}.Debug|Windows-ARM.Deploy.0 = Debug|Windows-ARM
		{C4A17398-FD28-49B3-AD34-926E0E86E1B2}.Debug|Windows-x64.ActiveCfg = Debug|Windows-x64
		{C4A17398-FD28-49B3-AD34-926E0E86E1B2}.Debug|Windows-x64.Build.0 = Debug|Windows-x64
		{C4A17398-FD28-49B3-AD34-926E0E86E1B2}.Debug|Windows-x64.Deploy.0 = Debug|Windows-x64
		{C4A17398-FD28-49B3-AD34-926E0E86E1B2}.Debug|Windows-x86.ActiveCfg = Debug|Windows-x86
		{C4A17398-FD28-49B3-AD34-926E0E86E1B2}.Debug|Windows-x86.Build.0 = Debug|Windows-x86
		{C4A17398-FD28-49B3-AD34-926E0E86E1B2}.Debug|Windows-x86.Deploy.0 = Debug|Windows-x86
		{C4A17398-FD28-49B3-AD34-926E0E86E1B2}.Release|Android.ActiveCfg = Release|Android
		{C4A17398-FD28-49B3-AD34-926E0E86E1B2}.Release|Android.Build.0 = Release|Android
		{C4A17398-FD28-49B3-AD34-926E0E86E1B2}.Release|Android.Deploy.0 = Release|Android
		{C4A17398-FD28-49B3-AD34-926E0E86E1B2}.Release|Any CPU.ActiveCfg = Release|Android
		{C4A17398-FD28-49B3-AD34-926E0E86E1B2}.Release|iOS.ActiveCfg = Release|iOS
		{C4A17398-FD28-49B3-AD34-926E0E86E1B2}.Release|iOS.Build.0 = Release|iOS
		{C4A17398-FD28-49B3-AD34-926E0E86E1B2}.Release|iOS.Deploy.0 = Release|iOS
		{C4A17398-FD28-49B3-AD34-926E0E86E1B2}.Release|Windows Phone (Universal).ActiveCfg = Release|Windows Phone (Universal)
		{C4A17398-FD28-49B3-AD34-926E0E86E1B2}.Release|Windows Phone (Universal).Build.0 = Release|Windows Phone (Universal)
		{C4A17398-FD28-49B3-AD34-926E0E86E1B2}.Release|Windows Phone (Universal).Deploy.0 = Release|Windows Phone (Universal)
		{C4A17398-FD28-49B3-AD34-926E0E86E1B2}.Release|Windows Phone 8.ActiveCfg = Release|Windows Phone 8
		{C4A17398-FD28-49B3-AD34-926E0E86E1B2}.Release|Windows Phone 8.Build.0 = Release|Windows Phone 8
		{C4A17398-FD28-49B3-AD34-926E0E86E1B2}.Release|Windows Phone 8.Deploy.0 = Release|Windows Phone 8
		{C4A17398-FD28-49B3-AD34-926E0E86E1B2}.Release|Windows-AnyCPU.ActiveCfg = Release|Windows-AnyCPU
		{C4A17398-FD28-49B3-AD34-926E0E86E1B2}.Release|Windows-AnyCPU.Build.0 = Release|Windows-AnyCPU
		{C4A17398-FD28-49B3-AD34-926E0E86E1B2}.Release|Windows-AnyCPU.Deploy.0 = Release|Windows-AnyCPU
		{C4A17398-FD28-49B3-AD34-926E0E86E1B2}.Release|Windows-ARM.ActiveCfg = Release|Windows-ARM
		{C4A17398-FD28-49B3-AD34-926E0E86E1B2}.Release|Windows-ARM.Build.0 = Release|Windows-ARM
		{C4A17398-FD28-49B3-AD34-926E0E86E1B2}.Release|Windows-ARM.Deploy.0 = Release|Windows-ARM
		{C4A17398-FD28-49B3-AD34-926E0E86E1B2}.Release|Windows-x64.ActiveCfg = Release|Windows-x64
		{C4A17398-FD28-49B3-AD34-926E0E86E1B2}.Release|Windows-x64.Build.0 = Release|Windows-x64
		{C4A17398-FD28-49B3-AD34-926E0E86E1B2}.Release|Windows-x64.Deploy.0 = Release|Windows-x64
		{C4A17398-FD28-49B3-AD34-926E0E86E1B2}.Release|Windows-x86.ActiveCfg = Release|Windows-x86
		{C4A17398-FD28-49B3-AD34-926E0E86E1B2}.Release|Windows-x86.Build.0 = Release|Windows-x86
		{C4A17398-FD28-49B3-AD34-926E0E86E1B2}.Release|Windows-x86.Deploy.0 = Release|Windows-x86
	EndGlobalSection
	GlobalSection(SolutionProperties) = preSolution
		HideSolutionNode = FALSE
	EndGlobalSection
	GlobalSection(NestedProjects) = preSolution
		{ED1C0B2B-7A9F-4DBF-937F-F3CCC2CF7362} = {33E81539-C975-4E8A-85D0-490EE2FBB00A}
		{CA13FBEA-3268-45DB-B62E-D09FF2E8BDA7} = {33E81539-C975-4E8A-85D0-490EE2FBB00A}
		{F02E09D7-D893-4EA9-BB05-42C7EF2D4B22} = {33E81539-C975-4E8A-85D0-490EE2FBB00A}
		{77A49A0C-C993-49A1-BECC-FCC0207D3D6D} = {FD38F902-22C0-4911-B14C-DF372E0597EE}
		{C4A17398-FD28-49B3-AD34-926E0E86E1B2} = {33E81539-C975-4E8A-85D0-490EE2FBB00A}
	EndGlobalSection
EndGlobal
